# THIS IS AN AUTOGENERATED FILE. DO NOT EDIT THIS FILE DIRECTLY.
# yarn lockfile v1


"@types/jquery@3.2.17":
  version "3.2.17"
  resolved "https://registry.yarnpkg.com/@types/jquery/-/jquery-3.2.17.tgz#01df9805dd5cf83a14cf5bfd81adced7d4fbd970"

bootbox@4.4.0:
  version "4.4.0"
  resolved "https://registry.yarnpkg.com/bootbox/-/bootbox-4.4.0.tgz#ff7f898fb87d4527e547feb64158f88450d1a0c9"

"bootstrap-colorpicker-plus@https://github.com/Scalesoft/bootstrap-colorpicker-plus.git#0fdd970":
  version "0.1.1"
  resolved "https://github.com/Scalesoft/bootstrap-colorpicker-plus.git#0fdd970967ad47210d29dece08a4b4f8d28adbc7"

"bootstrap-tokenfield@https://github.com/tilonet/bootstrap-tokenfield.git#a9e9e703f4d54c743bc78b83c87f0eaa6cbbe6e9":
  version "0.12.1"
  resolved "https://github.com/tilonet/bootstrap-tokenfield.git#a9e9e703f4d54c743bc78b83c87f0eaa6cbbe6e9"
  dependencies:
    jquery "^2.1.0"

bootstrap@3.3.7:
  version "3.3.7"
  resolved "https://registry.yarnpkg.com/bootstrap/-/bootstrap-3.3.7.tgz#5a389394549f23330875a3b150656574f8a9eb71"

codemirror-spell-checker@*:
  version "1.1.2"
  resolved "https://registry.yarnpkg.com/codemirror-spell-checker/-/codemirror-spell-checker-1.1.2.tgz#1c660f9089483ccb5113b9ba9ca19c3f4993371e"
  dependencies:
    typo-js "*"

codemirror@*:
  version "5.33.0"
  resolved "https://registry.yarnpkg.com/codemirror/-/codemirror-5.33.0.tgz#462ad9a6fe8d38b541a9536a3997e1ef93b40c6a"

dropzone@3.12.0:
  version "3.12.0"
  resolved "https://registry.yarnpkg.com/dropzone/-/dropzone-3.12.0.tgz#a8fff6254eef11168d607094d2bf84a5803112b2"
  dependencies:
    emitter-component "^1.0.0"

emitter-component@^1.0.0:
  version "1.1.1"
  resolved "https://registry.yarnpkg.com/emitter-component/-/emitter-component-1.1.1.tgz#065e2dbed6959bf470679edabeaf7981d1003ab6"

font-awesome@4.7.0:
  version "4.7.0"
  resolved "https://registry.yarnpkg.com/font-awesome/-/font-awesome-4.7.0.tgz#8fa8cf0411a1a31afd07b06d2902bb9fc815a133"

"gijgo@https://github.com/atatanasov/gijgo.git#3571d48b7c01814ff83d3d660d4bc18c77a746bd":
  version "1.7.0"
  resolved "https://github.com/atatanasov/gijgo.git#3571d48b7c01814ff83d3d660d4bc18c77a746bd"
  dependencies:
    jquery ">=1.9.1"

"jquery-appear@https://github.com/emn178/jquery-appear.git#f66c21cae788facfcf9b76588b373d93187431b1":
  version "0.0.0"
  resolved "https://github.com/emn178/jquery-appear.git#f66c21cae788facfcf9b76588b373d93187431b1"

"jquery-eu-cookie-law-popup@https://github.com/beubi/jquery-eu-cookie-law-popup.git#327e1264995962ee9405845448ef5c491182c8f7":
  version "0.0.0"
  resolved "https://github.com/beubi/jquery-eu-cookie-law-popup.git#327e1264995962ee9405845448ef5c491182c8f7"

jquery-ui-dist@1.12.1:
  version "1.12.1"
  resolved "https://registry.yarnpkg.com/jquery-ui-dist/-/jquery-ui-dist-1.12.1.tgz#5c0815d3cc6f90ff5faaf5b268a6e23b4ca904fa"

jquery-validation-unobtrusive@3.2.6:
  version "3.2.6"
  resolved "https://registry.yarnpkg.com/jquery-validation-unobtrusive/-/jquery-validation-unobtrusive-3.2.6.tgz#0f8767c5462e30b4a5743d12461e8057da7572e5"
  dependencies:
    jquery ">=1.8"
    jquery-validation ">=1.8"

jquery-validation@1.17.0, jquery-validation@>=1.8:
  version "1.17.0"
  resolved "https://registry.yarnpkg.com/jquery-validation/-/jquery-validation-1.17.0.tgz#ab66b6b583d7740b9bbd148993e50e8ac041f35b"
  dependencies:
    jquery "^1.7 || ^2.0 || ^3.1"

jquery-zoom@1.7.20:
  version "1.7.20"
  resolved "https://registry.yarnpkg.com/jquery-zoom/-/jquery-zoom-1.7.20.tgz#25b9f9dc50804b48c21f1796949a5f6ac17fbba7"
  dependencies:
    jquery ">=1.7"

jquery@3.2.1, jquery@>=1.7, jquery@>=1.8, jquery@>=1.9.1, "jquery@^1.7 || ^2.0 || ^3.1":
  version "3.2.1"
  resolved "https://registry.yarnpkg.com/jquery/-/jquery-3.2.1.tgz#5c4d9de652af6cd0a770154a631bba12b015c787"

jquery@^2.1.0:
  version "2.2.4"
  resolved "https://registry.yarnpkg.com/jquery/-/jquery-2.2.4.tgz#2c89d6889b5eac522a7eea32c14521559c6cbf02"

lazysizes@4.0.1:
  version "4.0.1"
  resolved "https://registry.yarnpkg.com/lazysizes/-/lazysizes-4.0.1.tgz#428fe9561d7ff5c3b2b2787b78ed54080986420b"

marked@*:
  version "0.3.9"
  resolved "https://registry.yarnpkg.com/marked/-/marked-0.3.9.tgz#54ce6a57e720c3ac6098374ec625fcbcc97ff290"

"modernizr@https://github.com/Modernizr/Modernizr.git#d6bb30c0f12ebb3ddd01e90b0bf435e1c34e6f11":
  version "0.0.0"
  resolved "https://github.com/Modernizr/Modernizr.git#d6bb30c0f12ebb3ddd01e90b0bf435e1c34e6f11"

respond.js@1.4.2:
  version "1.4.2"
  resolved "https://registry.yarnpkg.com/respond.js/-/respond.js-1.4.2.tgz#fd5c07450acce6090916d8d090b86b672dd9748b"

"s-pagination@https://github.com/Scalesoft/s-pagination.git#bf5428f1d0330f519c25660f7bed7153d80a2a30":
  version "1.1.0"
  resolved "https://github.com/Scalesoft/s-pagination.git#bf5428f1d0330f519c25660f7bed7153d80a2a30"

"simplemde-custom-markdown-mode@https://github.com/RIDICS/simplemde-markdown-editor.git#71b7a583e230b967116c99141291d94276ba1433":
  version "1.11.2"
  resolved "https://github.com/RIDICS/simplemde-markdown-editor.git#71b7a583e230b967116c99141291d94276ba1433"
  dependencies:
    codemirror "*"
    codemirror-spell-checker "*"
    marked "*"

typo-js@*:
  version "1.0.3"
  resolved "https://registry.yarnpkg.com/typo-js/-/typo-js-1.0.3.tgz#54d8ebc7949f1a7810908b6002c6841526c99d5a"

"wheelzoom@https://github.com/jackmoore/wheelzoom.git#b4d2644165af3d281bc6054631437dc81d27ff96":
  version "0.0.0"
  resolved "https://github.com/jackmoore/wheelzoom.git#b4d2644165af3d281bc6054631437dc81d27ff96"
