# THIS IS AN AUTOGENERATED FILE. DO NOT EDIT THIS FILE DIRECTLY.
# yarn lockfile v1


"@types/jquery@3.2.17":
  version "3.2.17"
  resolved "https://registry.yarnpkg.com/@types/jquery/-/jquery-3.2.17.tgz#01df9805dd5cf83a14cf5bfd81adced7d4fbd970"
  integrity sha512-lt8i2ZqymxxN1JnWSOTPU7Xc3ze32lhASkVdsMd6/SZnb/jtBsmFEoYCBSa0tzGDSyO7ZB+4r4aihj+KTlDs5w==

bootbox@4.4.0:
  version "4.4.0"
  resolved "https://registry.yarnpkg.com/bootbox/-/bootbox-4.4.0.tgz#ff7f898fb87d4527e547feb64158f88450d1a0c9"
  integrity sha1-/3+Jj7h9RSflR/62QVj4hFDRoMk=

"bootstrap-colorpicker-plus@https://github.com/Scalesoft/bootstrap-colorpicker-plus.git#0fdd970967ad47210d29dece08a4b4f8d28adbc7":
  version "0.1.1"
  resolved "https://github.com/Scalesoft/bootstrap-colorpicker-plus.git#0fdd970967ad47210d29dece08a4b4f8d28adbc7"

"bootstrap-tokenfield@https://github.com/tilonet/bootstrap-tokenfield.git#0.12.3":
  version "0.12.1"
  resolved "https://github.com/tilonet/bootstrap-tokenfield.git#a9e9e703f4d54c743bc78b83c87f0eaa6cbbe6e9"
  dependencies:
    jquery "^2.1.0"

bootstrap@3.3.7:
  version "3.3.7"
  resolved "https://registry.yarnpkg.com/bootstrap/-/bootstrap-3.3.7.tgz#5a389394549f23330875a3b150656574f8a9eb71"
  integrity sha1-WjiTlFSfIzMIdaOxUGVldPip63E=

bootstrap@^4.0:
  version "4.3.1"
  resolved "https://registry.yarnpkg.com/bootstrap/-/bootstrap-4.3.1.tgz#280ca8f610504d99d7b6b4bfc4b68cec601704ac"
  integrity sha512-rXqOmH1VilAt2DyPzluTi2blhk17bO7ef+zLLPlWvG494pDxcM234pJ8wTc/6R40UWizAIIMgxjvxZg5kmsbag==

codemirror-spell-checker@*:
  version "1.1.2"
  resolved "https://registry.yarnpkg.com/codemirror-spell-checker/-/codemirror-spell-checker-1.1.2.tgz#1c660f9089483ccb5113b9ba9ca19c3f4993371e"
  integrity sha1-HGYPkIlIPMtRE7m6nKGcP0mTNx4=
  dependencies:
    typo-js "*"

codemirror@*:
  version "5.48.0"
  resolved "https://registry.yarnpkg.com/codemirror/-/codemirror-5.48.0.tgz#66e6dae6ca79b955e34b322881ebb7b5512f3cc5"
  integrity sha512-3Ter+tYtRlTNtxtYdYNPxGxBL/b3cMcvPdPm70gvmcOO2Rauv/fUEewWa0tT596Hosv6ea2mtpx28OXBy1mQCg==

dropzone@3.12.0:
  version "3.12.0"
  resolved "https://registry.yarnpkg.com/dropzone/-/dropzone-3.12.0.tgz#a8fff6254eef11168d607094d2bf84a5803112b2"
  integrity sha1-qP/2JU7vERaNYHCU0r+EpYAxErI=
  dependencies:
    emitter-component "^1.0.0"

emitter-component@^1.0.0:
  version "1.1.1"
  resolved "https://registry.yarnpkg.com/emitter-component/-/emitter-component-1.1.1.tgz#065e2dbed6959bf470679edabeaf7981d1003ab6"
  integrity sha1-Bl4tvtaVm/RwZ57avq95gdEAOrY=

font-awesome@4.7.0:
  version "4.7.0"
  resolved "https://registry.yarnpkg.com/font-awesome/-/font-awesome-4.7.0.tgz#8fa8cf0411a1a31afd07b06d2902bb9fc815a133"
  integrity sha1-j6jPBBGhoxr9B7BtKQK7n8gVoTM=

gijgo@1.8.0:
  version "1.8.0"
  resolved "https://registry.yarnpkg.com/gijgo/-/gijgo-1.8.0.tgz#2ce1433be9bc5b542d203e342bbd2b65d7fb6d66"
  integrity sha512-l2SR5EsmL7gQcmkgxmshTdqJKvnfpCmP1HGUOq5yZcV7p0JcnIN3SoxQi9muIwWlgpgRJux7D3nfl4Q5gQDizw==
  dependencies:
    jquery "^3.2.1"

golden-layout@1.5.9:
  version "1.5.9"
  resolved "https://registry.yarnpkg.com/golden-layout/-/golden-layout-1.5.9.tgz#a39bc1f6a67e6f886b797c016dd924e9426ba77f"
  integrity sha1-o5vB9qZ+b4hreXwBbdkk6UJrp38=
  dependencies:
    jquery "*"

"jquery-appear@https://github.com/emn178/jquery-appear.git#0.2.6":
  version "0.0.0"
  resolved "https://github.com/emn178/jquery-appear.git#f66c21cae788facfcf9b76588b373d93187431b1"

"jquery-eu-cookie-law-popup@https://github.com/beubi/jquery-eu-cookie-law-popup.git#1.1.0":
  version "0.0.0"
  resolved "https://github.com/beubi/jquery-eu-cookie-law-popup.git#327e1264995962ee9405845448ef5c491182c8f7"

jquery-ui-dist@1.12.1:
  version "1.12.1"
  resolved "https://registry.yarnpkg.com/jquery-ui-dist/-/jquery-ui-dist-1.12.1.tgz#5c0815d3cc6f90ff5faaf5b268a6e23b4ca904fa"
  integrity sha1-XAgV08xvkP9fqvWyaKbiO0ypBPo=

jquery-validation-unobtrusive@3.2.6:
  version "3.2.6"
  resolved "https://registry.yarnpkg.com/jquery-validation-unobtrusive/-/jquery-validation-unobtrusive-3.2.6.tgz#0f8767c5462e30b4a5743d12461e8057da7572e5"
  integrity sha1-D4dnxUYuMLSldD0SRh6AV9p1cuU=
  dependencies:
    jquery ">=1.8"
    jquery-validation ">=1.8"

jquery-validation@1.17.0:
  version "1.17.0"
  resolved "https://registry.yarnpkg.com/jquery-validation/-/jquery-validation-1.17.0.tgz#ab66b6b583d7740b9bbd148993e50e8ac041f35b"
  integrity sha512-XddiAwhGdWhcIJ+W3ri3KG8uTPMua4TPYuUIC8/E7lOyqdScG5xHuy9YishlKc0c/lIQai77EX7hxMdTSYCEjA==
  dependencies:
    jquery "^1.7 || ^2.0 || ^3.1"

jquery-validation@>=1.8:
  version "1.19.1"
  resolved "https://registry.yarnpkg.com/jquery-validation/-/jquery-validation-1.19.1.tgz#a85043467dc2b70d9fff05778646d150e747742f"
  integrity sha512-QNnrZBqSltWUEJx+shOY5WtfrIb0gWmDjFfQP8rZKqMMSfpRSwEkSqhfHPvDfkObD8Hnv5KHSYI8yg73sVFdqA==

jquery-zoom@1.7.20:
  version "1.7.20"
  resolved "https://registry.yarnpkg.com/jquery-zoom/-/jquery-zoom-1.7.20.tgz#25b9f9dc50804b48c21f1796949a5f6ac17fbba7"
  integrity sha1-Jbn53FCAS0jCHxeWlJpfasF/u6c=
  dependencies:
    jquery ">=1.7"

jquery@*, jquery@>=1.7, jquery@>=1.8, "jquery@^1.7 || ^2.0 || ^3.1", jquery@^3.2.1, jquery@^3.3.1:
  version "3.4.1"
  resolved "https://registry.yarnpkg.com/jquery/-/jquery-3.4.1.tgz#714f1f8d9dde4bdfa55764ba37ef214630d80ef2"
  integrity sha512-36+AdBzCL+y6qjw5Tx7HgzeGCzC81MDDgaUP8ld2zhx58HdqXGoBd+tHdrBMiyjGQs0Hxs/MLZTu/eHNJJuWPw==

jquery@3.2.1:
  version "3.2.1"
  resolved "https://registry.yarnpkg.com/jquery/-/jquery-3.2.1.tgz#5c4d9de652af6cd0a770154a631bba12b015c787"
  integrity sha1-XE2d5lKvbNCncBVKYxu6ErAVx4c=

jquery@^2.1.0:
  version "2.2.4"
  resolved "https://registry.yarnpkg.com/jquery/-/jquery-2.2.4.tgz#2c89d6889b5eac522a7eea32c14521559c6cbf02"
  integrity sha1-LInWiJterFIqfuoywUUhVZxsvwI=

lazysizes@4.0.1:
  version "4.0.1"
  resolved "https://registry.yarnpkg.com/lazysizes/-/lazysizes-4.0.1.tgz#428fe9561d7ff5c3b2b2787b78ed54080986420b"
  integrity sha1-Qo/pVh1/9cOysnh7eO1UCAmGQgs=

marked@*:
  version "0.7.0"
  resolved "https://registry.yarnpkg.com/marked/-/marked-0.7.0.tgz#b64201f051d271b1edc10a04d1ae9b74bb8e5c0e"
  integrity sha512-c+yYdCZJQrsRjTPhUx7VKkApw9bwDkNbHUKo1ovgcfDjb2kc8rLuRbIFyXL5WOEUwzSSKo3IXpph2K6DqB/KZg==

"modernizr@https://github.com/Modernizr/Modernizr.git#2.8.3":
  version "0.0.0"
  resolved "https://github.com/Modernizr/Modernizr.git#d6bb30c0f12ebb3ddd01e90b0bf435e1c34e6f11"

respond.js@1.4.2:
  version "1.4.2"
  resolved "https://registry.yarnpkg.com/respond.js/-/respond.js-1.4.2.tgz#fd5c07450acce6090916d8d090b86b672dd9748b"
  integrity sha1-/VwHRQrM5gkJFtjQkLhrZy3ZdIs=

s-pagination@2.1.0:
  version "2.1.0"
  resolved "https://registry.yarnpkg.com/s-pagination/-/s-pagination-2.1.0.tgz#42c27b7cfc2e7b12c8b4e1437f90b3fda851ba00"
  integrity sha512-WkOyj0H7juHzubFs+m1j3c2UYW/AZeJTWx4FxerhpQPN9mCTbsPGrWScgGhBJ+pU7eaWzLuUMaHGsDt/OspdAg==
  dependencies:
    bootstrap "^4.0"
    jquery "^3.3.1"

scalesoft-localization-web@2.1.1:
  version "2.1.1"
  resolved "https://registry.yarnpkg.com/scalesoft-localization-web/-/scalesoft-localization-web-2.1.1.tgz#bd3ae48f86916e27e92833f9bb786d0e0cd40a76"
  integrity sha512-on14wrOFA9b2YqEtLshROdfN9fHmkpvwW2B09jLZhhcXHMm0kcZaF+gVHcHQKwW0q7/ou6/ZUeeJYtVTD8KVzA==

"simplemde-custom-markdown-mode@https://github.com/RIDICS/simplemde-markdown-editor.git#71b7a583e230b967116c99141291d94276ba1433":
  version "1.11.2"
  resolved "https://github.com/RIDICS/simplemde-markdown-editor.git#71b7a583e230b967116c99141291d94276ba1433"
  dependencies:
    codemirror "*"
    codemirror-spell-checker "*"
    marked "*"

stickybits@3.0.4:
  version "3.0.4"
  resolved "https://registry.yarnpkg.com/stickybits/-/stickybits-3.0.4.tgz#a6b33557c3cab2a3a2b598741df9e9e019ee6052"
  integrity sha512-AOWOoBTaeAN4TmiizwNIpRPqqlgL1JPMTpfc+oCp/toVGIUC45D5emZyjxIr5h2mmMrbCoH8edQRlniO/HgThg==

typo-js@*:
  version "1.0.3"
  resolved "https://registry.yarnpkg.com/typo-js/-/typo-js-1.0.3.tgz#54d8ebc7949f1a7810908b6002c6841526c99d5a"
  integrity sha1-VNjrx5SfGngQkItgAsaEFSbJnVo=

urijs@1.19.1:
  version "1.19.1"
  resolved "https://registry.yarnpkg.com/urijs/-/urijs-1.19.1.tgz#5b0ff530c0cbde8386f6342235ba5ca6e995d25a"
  integrity sha512-xVrGVi94ueCJNrBSTjWqjvtgvl3cyOTThp2zaMaFNGp3F542TR6sM3f2o8RqZl+AwteClSVmoCyt0ka4RjQOQg==

wheelzoom@3.1.3:
  version "3.1.3"
  resolved "https://registry.yarnpkg.com/wheelzoom/-/wheelzoom-3.1.3.tgz#20d63c138dc37fa20e85c5425f1464ab1b0206f4"
  integrity sha512-XyfC5Vpz2pKBQ1lCU+TaNjuhF18Sg/G0DCVEqDRao7u4IOoZh6LgWeJ2HfUZBGTIW/wNo15dOdZdbNBZ9BayqQ==
