
Microsoft Visual Studio Solution File, Format Version 12.00
# Visual Studio 2013
VisualStudioVersion = 12.0.31101.0
MinimumVisualStudioVersion = 10.0.40219.1
Project("{2150E333-8FDC-42A3-9474-1A3956D46DE8}") = "Data", "Data", "{0671D46C-0867-452D-A7FE-7A589AB73858}"
	ProjectSection(SolutionItems) = preProject
		..\Data\DDBW_Word2Xml_Vse.xml = ..\Data\DDBW_Word2Xml_Vse.xml
		..\Data\ESSC2Xml.xml = ..\Data\ESSC2Xml.xml
		..\Data\GbSlov2Xml.xml = ..\Data\GbSlov2Xml.xml
		..\Data\instance1.xml = ..\Data\instance1.xml
		..\Data\MSS2Xml.xml = ..\Data\MSS2Xml.xml
		..\Data\MSSText_WDoc2Xml.xml = ..\Data\MSSText_WDoc2Xml.xml
		..\Data\Poznamka_pod_carou.docx = ..\Data\Poznamka_pod_carou.docx
		D:\Slovniky\StcSOCR\Text\Word\sesity\Hotovo\Prime_formatovani.docx = D:\Slovniky\StcSOCR\Text\Word\sesity\Hotovo\Prime_formatovani.docx
		..\Data\SimekSlov2Xml.xml = ..\Data\SimekSlov2Xml.xml
		..\Data\StcS_15-25_rozepisovni_doc.xml = ..\Data\StcS_15-25_rozepisovni_doc.xml
		styly.css = styly.css
		..\Data\Styly.docx = ..\Data\Styly.docx
		..\Data\Styly_Vynechane-odstavce.docx = ..\Data\Styly_Vynechane-odstavce.docx
	EndProjectSection
EndProject
Project("{FAE04EC0-301F-11D3-BF4B-00C04F79EFBC}") = "Daliboris.OOXML.Word", "Daliboris.OOXML.Word.csproj", "{96838F37-2E15-4785-B117-0DE31494F733}"
EndProject
Project("{FAE04EC0-301F-11D3-BF4B-00C04F79EFBC}") = "Daliboris.OOXML.Word.Testy", "..\Daliboris.OOXML.Word.Testy\Daliboris.OOXML.Word.Testy.csproj", "{9313BC85-E669-4E53-9900-37E203A43AF8}"
EndProject
Project("{FAE04EC0-301F-11D3-BF4B-00C04F79EFBC}") = "Daliboris.OOXML.Word.Transform", "..\Daliboris.OOXML.Word.Transform\Daliboris.OOXML.Word.Transform.csproj", "{B3231E73-5058-4588-B20D-877BABD7384E}"
EndProject
Project("{FAE04EC0-301F-11D3-BF4B-00C04F79EFBC}") = "Daliboris.Pomucky.Xml", "..\..\Pomucky\Daliboris.Pomucky.Xml\Daliboris.Pomucky.Xml.csproj", "{457FEF12-BD22-4498-924F-941B31DCCD6B}"
EndProject
Global
	GlobalSection(TeamFoundationVersionControl) = preSolution
		SccNumberOfProjects = 1
		SccEnterpriseProvider = {4CA58AB2-18FA-4F8D-95D4-32DDF27D184C}
		SccTeamFoundationServer = https://daliboris.visualstudio.com/defaultcollection
		SccProjectUniqueName0 = ..\\..\\Pomucky\\Daliboris.Pomucky.Xml\\Daliboris.Pomucky.Xml.csproj
		SccProjectName0 = $/XmlTransformations/XmlWriterTools/Daliboris.Pomucky.Xml/Daliboris.Pomucky.Xml
		SccAuxPath0 = https://daliboris.visualstudio.com/defaultcollection
		SccLocalPath0 = ..\\..\\Pomucky\\Daliboris.Pomucky.Xml
		SccProvider0 = {4CA58AB2-18FA-4F8D-95D4-32DDF27D184C}
	EndGlobalSection
	GlobalSection(SolutionConfigurationPlatforms) = preSolution
		Debug|Any CPU = Debug|Any CPU
		Debug|x64 = Debug|x64
		Debug|x86 = Debug|x86
		JenTest|Any CPU = JenTest|Any CPU
		JenTest|x64 = JenTest|x64
		JenTest|x86 = JenTest|x86
		Release|Any CPU = Release|Any CPU
		Release|x64 = Release|x64
		Release|x86 = Release|x86
	EndGlobalSection
	GlobalSection(ProjectConfigurationPlatforms) = postSolution
		{96838F37-2E15-4785-B117-0DE31494F733}.Debug|Any CPU.ActiveCfg = Debug|Any CPU
		{96838F37-2E15-4785-B117-0DE31494F733}.Debug|Any CPU.Build.0 = Debug|Any CPU
		{96838F37-2E15-4785-B117-0DE31494F733}.Debug|x64.ActiveCfg = Debug|x64
		{96838F37-2E15-4785-B117-0DE31494F733}.Debug|x64.Build.0 = Debug|x64
		{96838F37-2E15-4785-B117-0DE31494F733}.Debug|x86.ActiveCfg = Debug|x86
		{96838F37-2E15-4785-B117-0DE31494F733}.Debug|x86.Build.0 = Debug|x86
		{96838F37-2E15-4785-B117-0DE31494F733}.JenTest|Any CPU.ActiveCfg = JenTest|Any CPU
		{96838F37-2E15-4785-B117-0DE31494F733}.JenTest|Any CPU.Build.0 = JenTest|Any CPU
		{96838F37-2E15-4785-B117-0DE31494F733}.JenTest|x64.ActiveCfg = JenTest|x64
		{96838F37-2E15-4785-B117-0DE31494F733}.JenTest|x64.Build.0 = JenTest|x64
		{96838F37-2E15-4785-B117-0DE31494F733}.JenTest|x86.ActiveCfg = JenTest|x86
		{96838F37-2E15-4785-B117-0DE31494F733}.JenTest|x86.Build.0 = JenTest|x86
		{96838F37-2E15-4785-B117-0DE31494F733}.Release|Any CPU.ActiveCfg = Release|Any CPU
		{96838F37-2E15-4785-B117-0DE31494F733}.Release|Any CPU.Build.0 = Release|Any CPU
		{96838F37-2E15-4785-B117-0DE31494F733}.Release|x64.ActiveCfg = Release|x64
		{96838F37-2E15-4785-B117-0DE31494F733}.Release|x64.Build.0 = Release|x64
		{96838F37-2E15-4785-B117-0DE31494F733}.Release|x86.ActiveCfg = Release|x86
		{96838F37-2E15-4785-B117-0DE31494F733}.Release|x86.Build.0 = Release|x86
		{9313BC85-E669-4E53-9900-37E203A43AF8}.Debug|Any CPU.ActiveCfg = Debug|Any CPU
		{9313BC85-E669-4E53-9900-37E203A43AF8}.Debug|Any CPU.Build.0 = Debug|Any CPU
		{9313BC85-E669-4E53-9900-37E203A43AF8}.Debug|x64.ActiveCfg = Debug|Any CPU
		{9313BC85-E669-4E53-9900-37E203A43AF8}.Debug|x86.ActiveCfg = Debug|Any CPU
		{9313BC85-E669-4E53-9900-37E203A43AF8}.JenTest|Any CPU.ActiveCfg = Release|Any CPU
		{9313BC85-E669-4E53-9900-37E203A43AF8}.JenTest|Any CPU.Build.0 = Release|Any CPU
		{9313BC85-E669-4E53-9900-37E203A43AF8}.JenTest|x64.ActiveCfg = Release|Any CPU
		{9313BC85-E669-4E53-9900-37E203A43AF8}.JenTest|x86.ActiveCfg = Release|Any CPU
		{9313BC85-E669-4E53-9900-37E203A43AF8}.Release|Any CPU.ActiveCfg = Release|Any CPU
		{9313BC85-E669-4E53-9900-37E203A43AF8}.Release|Any CPU.Build.0 = Release|Any CPU
		{9313BC85-E669-4E53-9900-37E203A43AF8}.Release|x64.ActiveCfg = Release|Any CPU
		{9313BC85-E669-4E53-9900-37E203A43AF8}.Release|x86.ActiveCfg = Release|Any CPU
		{B3231E73-5058-4588-B20D-877BABD7384E}.Debug|Any CPU.ActiveCfg = Debug|Any CPU
		{B3231E73-5058-4588-B20D-877BABD7384E}.Debug|Any CPU.Build.0 = Debug|Any CPU
		{B3231E73-5058-4588-B20D-877BABD7384E}.Debug|x64.ActiveCfg = Debug|x64
		{B3231E73-5058-4588-B20D-877BABD7384E}.Debug|x64.Build.0 = Debug|x64
		{B3231E73-5058-4588-B20D-877BABD7384E}.Debug|x86.ActiveCfg = Debug|x86
		{B3231E73-5058-4588-B20D-877BABD7384E}.Debug|x86.Build.0 = Debug|x86
		{B3231E73-5058-4588-B20D-877BABD7384E}.JenTest|Any CPU.ActiveCfg = Release|Any CPU
		{B3231E73-5058-4588-B20D-877BABD7384E}.JenTest|Any CPU.Build.0 = Release|Any CPU
		{B3231E73-5058-4588-B20D-877BABD7384E}.JenTest|x64.ActiveCfg = Release|x64
		{B3231E73-5058-4588-B20D-877BABD7384E}.JenTest|x64.Build.0 = Release|x64
		{B3231E73-5058-4588-B20D-877BABD7384E}.JenTest|x86.ActiveCfg = Release|x86
		{B3231E73-5058-4588-B20D-877BABD7384E}.JenTest|x86.Build.0 = Release|x86
		{B3231E73-5058-4588-B20D-877BABD7384E}.Release|Any CPU.ActiveCfg = Release|Any CPU
		{B3231E73-5058-4588-B20D-877BABD7384E}.Release|Any CPU.Build.0 = Release|Any CPU
		{B3231E73-5058-4588-B20D-877BABD7384E}.Release|x64.ActiveCfg = Release|x64
		{B3231E73-5058-4588-B20D-877BABD7384E}.Release|x64.Build.0 = Release|x64
		{B3231E73-5058-4588-B20D-877BABD7384E}.Release|x86.ActiveCfg = Release|x86
		{B3231E73-5058-4588-B20D-877BABD7384E}.Release|x86.Build.0 = Release|x86
		{457FEF12-BD22-4498-924F-941B31DCCD6B}.Debug|Any CPU.ActiveCfg = Debug|Any CPU
		{457FEF12-BD22-4498-924F-941B31DCCD6B}.Debug|Any CPU.Build.0 = Debug|Any CPU
		{457FEF12-BD22-4498-924F-941B31DCCD6B}.Debug|x64.ActiveCfg = Debug|x64
		{457FEF12-BD22-4498-924F-941B31DCCD6B}.Debug|x64.Build.0 = Debug|x64
		{457FEF12-BD22-4498-924F-941B31DCCD6B}.Debug|x86.ActiveCfg = Debug|x86
		{457FEF12-BD22-4498-924F-941B31DCCD6B}.Debug|x86.Build.0 = Debug|x86
		{457FEF12-BD22-4498-924F-941B31DCCD6B}.JenTest|Any CPU.ActiveCfg = JenTest|Any CPU
		{457FEF12-BD22-4498-924F-941B31DCCD6B}.JenTest|Any CPU.Build.0 = JenTest|Any CPU
		{457FEF12-BD22-4498-924F-941B31DCCD6B}.JenTest|x64.ActiveCfg = JenTest|x64
		{457FEF12-BD22-4498-924F-941B31DCCD6B}.JenTest|x64.Build.0 = JenTest|x64
		{457FEF12-BD22-4498-924F-941B31DCCD6B}.JenTest|x86.ActiveCfg = JenTest|x86
		{457FEF12-BD22-4498-924F-941B31DCCD6B}.JenTest|x86.Build.0 = JenTest|x86
		{457FEF12-BD22-4498-924F-941B31DCCD6B}.Release|Any CPU.ActiveCfg = Release|Any CPU
		{457FEF12-BD22-4498-924F-941B31DCCD6B}.Release|Any CPU.Build.0 = Release|Any CPU
		{457FEF12-BD22-4498-924F-941B31DCCD6B}.Release|x64.ActiveCfg = Release|x64
		{457FEF12-BD22-4498-924F-941B31DCCD6B}.Release|x64.Build.0 = Release|x64
		{457FEF12-BD22-4498-924F-941B31DCCD6B}.Release|x86.ActiveCfg = Release|x86
		{457FEF12-BD22-4498-924F-941B31DCCD6B}.Release|x86.Build.0 = Release|x86
	EndGlobalSection
	GlobalSection(SolutionProperties) = preSolution
		HideSolutionNode = FALSE
	EndGlobalSection
	GlobalSection(SpecExplorer.ActivityCompletionStatus) = preSolution
		SpecExplorer.ActivityCompletionStatus = 
	EndGlobalSection
EndGlobal
