
Microsoft Visual Studio Solution File, Format Version 12.00
# Visual Studio 2013
VisualStudioVersion = 12.0.31101.0
MinimumVisualStudioVersion = 10.0.40219.1
Project("{FAE04EC0-301F-11D3-BF4B-00C04F79EFBC}") = "Ujc.Ovj.Xml.Tei.Contents.Test", "Ujc.Ovj.Xml.Tei.Contents.Test\Ujc.Ovj.Xml.Tei.Contents.Test.csproj", "{6C7A1DFE-C51F-48D3-AC60-B527048F5168}"
EndProject
Project("{FAE04EC0-301F-11D3-BF4B-00C04F79EFBC}") = "Ujc.Ovj.Xml.Tei.Contents", "..\..\UJCSystem\ITJakub.Xml.Conversion\Ujc.Ovj.Xml.Tei.Contents\Ujc.Ovj.Xml.Tei.Contents.csproj", "{5F08050C-C6DD-4ACC-B472-A7C7CD1F2BB1}"
EndProject
Project("{FAE04EC0-301F-11D3-BF4B-00C04F79EFBC}") = "Ujc.Ovj.Xml.Info", "..\..\UJCSystem\ITJakub.Xml.Conversion\Ujc.Ovj.Xml.Info\Ujc.Ovj.Xml.Info.csproj", "{2F50F763-2AEF-4647-918A-87B65AF2A6C9}"
EndProject
Global
	GlobalSection(SolutionConfigurationPlatforms) = preSolution
		Debug|Any CPU = Debug|Any CPU
		Release|Any CPU = Release|Any CPU
	EndGlobalSection
	GlobalSection(ProjectConfigurationPlatforms) = postSolution
		{6C7A1DFE-C51F-48D3-AC60-B527048F5168}.Debug|Any CPU.ActiveCfg = Debug|Any CPU
		{6C7A1DFE-C51F-48D3-AC60-B527048F5168}.Debug|Any CPU.Build.0 = Debug|Any CPU
		{6C7A1DFE-C51F-48D3-AC60-B527048F5168}.Release|Any CPU.ActiveCfg = Release|Any CPU
		{6C7A1DFE-C51F-48D3-AC60-B527048F5168}.Release|Any CPU.Build.0 = Release|Any CPU
		{5F08050C-C6DD-4ACC-B472-A7C7CD1F2BB1}.Debug|Any CPU.ActiveCfg = Debug|Any CPU
		{5F08050C-C6DD-4ACC-B472-A7C7CD1F2BB1}.Debug|Any CPU.Build.0 = Debug|Any CPU
		{5F08050C-C6DD-4ACC-B472-A7C7CD1F2BB1}.Release|Any CPU.ActiveCfg = Release|Any CPU
		{5F08050C-C6DD-4ACC-B472-A7C7CD1F2BB1}.Release|Any CPU.Build.0 = Release|Any CPU
		{2F50F763-2AEF-4647-918A-87B65AF2A6C9}.Debug|Any CPU.ActiveCfg = Debug|Any CPU
		{2F50F763-2AEF-4647-918A-87B65AF2A6C9}.Debug|Any CPU.Build.0 = Debug|Any CPU
		{2F50F763-2AEF-4647-918A-87B65AF2A6C9}.Release|Any CPU.ActiveCfg = Release|Any CPU
		{2F50F763-2AEF-4647-918A-87B65AF2A6C9}.Release|Any CPU.Build.0 = Release|Any CPU
	EndGlobalSection
	GlobalSection(SolutionProperties) = preSolution
		HideSolutionNode = FALSE
	EndGlobalSection
EndGlobal
