
Microsoft Visual Studio Solution File, Format Version 12.00
# Visual Studio 2013
VisualStudioVersion = 12.0.31101.0
MinimumVisualStudioVersion = 10.0.40219.1
Project("{FAE04EC0-301F-11D3-BF4B-00C04F79EFBC}") = "Ujc.Ovj.Ooxml.Conversion", "Ujc.Ovj.Ooxml.Conversion\Ujc.Ovj.Ooxml.Conversion.csproj", "{C1753D1A-9D38-4A6F-AA01-BDADECB2EAC8}"
EndProject
Project("{FAE04EC0-301F-11D3-BF4B-00C04F79EFBC}") = "Ujc.Ovj.Ooxml.Conversion.Test", "Ujc.Ovj.Ooxml.Conversion.Test\Ujc.Ovj.Ooxml.Conversion.Test.csproj", "{9D72312D-BC81-4864-83FB-6C650B06B8BA}"
EndProject
Project("{FAE04EC0-301F-11D3-BF4B-00C04F79EFBC}") = "Ujc.Ovj.Xml.Tei.Splitting", "Ujc.Ovj.Xml.Tei.Splitting\Ujc.Ovj.Xml.Tei.Splitting.csproj", "{E3BEBCD1-4B5E-4D35-981C-256F2A03CC7A}"
EndProject
Project("{FAE04EC0-301F-11D3-BF4B-00C04F79EFBC}") = "Daliboris.OOXML.Word", "Daliboris.OOXML.Word\Daliboris.OOXML.Word.csproj", "{96838F37-2E15-4785-B117-0DE31494F733}"
EndProject
Project("{FAE04EC0-301F-11D3-BF4B-00C04F79EFBC}") = "Daliboris.OOXML.Word.Transform", "Daliboris.OOXML.Word.Transform\Daliboris.OOXML.Word.Transform.csproj", "{B3231E73-5058-4588-B20D-877BABD7384E}"
EndProject
Project("{FAE04EC0-301F-11D3-BF4B-00C04F79EFBC}") = "Daliboris.Pomucky.Xml", "Daliboris.Pomucky.Xml\Daliboris.Pomucky.Xml.csproj", "{457FEF12-BD22-4498-924F-941B31DCCD6B}"
EndProject
Project("{FAE04EC0-301F-11D3-BF4B-00C04F79EFBC}") = "Campari.Software.Reflection", "Campari.Software.Reflection\Campari.Software.Reflection.csproj", "{8A6D0F17-5C0F-41B0-AB0A-425548BF92F1}"
EndProject
Project("{FAE04EC0-301F-11D3-BF4B-00C04F79EFBC}") = "Daliboris.Texty.Evidence.Rozhrani", "Daliboris.Texty.Evidence.Rozhrani\Daliboris.Texty.Evidence.Rozhrani.csproj", "{A612C779-BE2B-44F2-9C86-BD5324F1F8B6}"
EndProject
Project("{FAE04EC0-301F-11D3-BF4B-00C04F79EFBC}") = "Daliboris.Texty.Evidence.SpravaPrepisu", "Daliboris.Texty.Evidence.SpravaPrepisu\Daliboris.Texty.Evidence.SpravaPrepisu.csproj", "{C630F74C-826A-4A2A-B56C-577F214B80E7}"
EndProject
Project("{FAE04EC0-301F-11D3-BF4B-00C04F79EFBC}") = "Daliboris.Texty.Evidence.Uloziste", "Daliboris.Texty.Evidence.Uloziste\Daliboris.Texty.Evidence.Uloziste.csproj", "{96D3AEEB-6CBF-4CA8-A8DA-E3FF092DA77D}"
EndProject
Project("{FAE04EC0-301F-11D3-BF4B-00C04F79EFBC}") = "Daliboris.Texty.Evidence.Objekty", "Daliboris.Texty.Evidence.Objekty\Daliboris.Texty.Evidence.Objekty.csproj", "{C166D7A5-EE6E-4CB7-9484-FFCFD33B5ADF}"
EndProject
Project("{FAE04EC0-301F-11D3-BF4B-00C04F79EFBC}") = "Daliboris.OOXML.Pomucky", "Daliboris.OOXML.Pomucky\Daliboris.OOXML.Pomucky.csproj", "{114B8733-DECF-4402-BA25-E3DBE265E993}"
EndProject
Project("{FAE04EC0-301F-11D3-BF4B-00C04F79EFBC}") = "Daliboris.Pomucky.Soubory", "Daliboris.Pomucky.Soubory\Daliboris.Pomucky.Soubory.csproj", "{E6F52BB8-DF05-449B-964A-1E35D8F57304}"
EndProject
Project("{FAE04EC0-301F-11D3-BF4B-00C04F79EFBC}") = "Daliboris.Pomucky.Funkce.Textove", "Daliboris.Pomucky.Funkce.Textove\Daliboris.Pomucky.Funkce.Textove.csproj", "{F4FC605C-64C5-4E59-B5E6-8F8644BC1C03}"
EndProject
Project("{FAE04EC0-301F-11D3-BF4B-00C04F79EFBC}") = "Daliboris.Texty.Export.Base", "Daliboris.Texty.Export.Base\Daliboris.Texty.Export.Base.csproj", "{3179D827-1C9E-4291-8399-9D9A2BAFE374}"
EndProject
Project("{FAE04EC0-301F-11D3-BF4B-00C04F79EFBC}") = "Daliboris.Texty.Export.EdicniModul", "Daliboris.Texty.Export.EdicniModul\Daliboris.Texty.Export.EdicniModul.csproj", "{C575353D-C1A4-46AC-9546-E62E74270E7E}"
EndProject
Project("{FAE04EC0-301F-11D3-BF4B-00C04F79EFBC}") = "Daliboris.Texty.Export.Rozhrani", "Daliboris.Texty.Export.Rozhrani\Daliboris.Texty.Export.Rozhrani.csproj", "{585C72E8-10A8-4DFA-8A5C-467C5DD4C98C}"
EndProject
Project("{FAE04EC0-301F-11D3-BF4B-00C04F79EFBC}") = "Daliboris.Texty.Export.Transformace", "Daliboris.Texty.Export.Transformace\Daliboris.Texty.Export.Transformace.csproj", "{9339ED5B-312F-4AAF-9DF6-31B6C3169C48}"
EndProject
Project("{FAE04EC0-301F-11D3-BF4B-00C04F79EFBC}") = "Daliboris.Pomucky.Xml.XsltTransformation", "Daliboris.Pomucky.Xml.XsltTransformation\Daliboris.Pomucky.Xml.XsltTransformation.csproj", "{727CF318-94B5-48AB-93F7-98FB6EF44F61}"
EndProject
Project("{FAE04EC0-301F-11D3-BF4B-00C04F79EFBC}") = "Daliboris.Pomucky.Xml.XsltTransformation.Interface", "Daliboris.Pomucky.Xml.XsltTransformation.Interface\Daliboris.Pomucky.Xml.XsltTransformation.Interface.csproj", "{AE568406-C88F-4638-B29E-6582EFB31C96}"
EndProject
Project("{FAE04EC0-301F-11D3-BF4B-00C04F79EFBC}") = "Ujc.Ovj.Tools.Xml.XsltTransformation", "Ujc.Ovj.Tools.Xml.XsltTransformation\Ujc.Ovj.Tools.Xml.XsltTransformation.csproj", "{70259678-BEA1-44D4-BD7F-85A60D683B8B}"
EndProject
Project("{FAE04EC0-301F-11D3-BF4B-00C04F79EFBC}") = "Ujc.Ovj.Tools.Xml.XsltTransformation.Interface", "Ujc.Ovj.Tools.Xml.XsltTransformation.Interface\Ujc.Ovj.Tools.Xml.XsltTransformation.Interface.csproj", "{3E64D878-8E98-465B-9FA9-A90D1D3B97B1}"
EndProject
Project("{FAE04EC0-301F-11D3-BF4B-00C04F79EFBC}") = "Daliboris.Transkriptor.Rozhrani", "Daliboris.Transkriptor.Rozhrani\Daliboris.Transkriptor.Rozhrani.csproj", "{D68F920D-02E7-43D4-AF48-C2BB70900B11}"
EndProject
Project("{FAE04EC0-301F-11D3-BF4B-00C04F79EFBC}") = "Daliboris.Transkripce.Objekty", "Daliboris.Transkriptor.Objekty\Daliboris.Transkripce.Objekty.csproj", "{2890BD2D-9511-4503-BB1A-01B7493EADE0}"
EndProject
Global
	GlobalSection(SolutionConfigurationPlatforms) = preSolution
		Debug|Any CPU = Debug|Any CPU
		Debug|x64 = Debug|x64
		Debug|x86 = Debug|x86
		Release|Any CPU = Release|Any CPU
		Release|x64 = Release|x64
		Release|x86 = Release|x86
	EndGlobalSection
	GlobalSection(ProjectConfigurationPlatforms) = postSolution
		{C1753D1A-9D38-4A6F-AA01-BDADECB2EAC8}.Debug|Any CPU.ActiveCfg = Debug|Any CPU
		{C1753D1A-9D38-4A6F-AA01-BDADECB2EAC8}.Debug|Any CPU.Build.0 = Debug|Any CPU
		{C1753D1A-9D38-4A6F-AA01-BDADECB2EAC8}.Debug|x64.ActiveCfg = Debug|x64
		{C1753D1A-9D38-4A6F-AA01-BDADECB2EAC8}.Debug|x64.Build.0 = Debug|x64
		{C1753D1A-9D38-4A6F-AA01-BDADECB2EAC8}.Debug|x86.ActiveCfg = Debug|x86
		{C1753D1A-9D38-4A6F-AA01-BDADECB2EAC8}.Debug|x86.Build.0 = Debug|x86
		{C1753D1A-9D38-4A6F-AA01-BDADECB2EAC8}.Release|Any CPU.ActiveCfg = Release|Any CPU
		{C1753D1A-9D38-4A6F-AA01-BDADECB2EAC8}.Release|Any CPU.Build.0 = Release|Any CPU
		{C1753D1A-9D38-4A6F-AA01-BDADECB2EAC8}.Release|x64.ActiveCfg = Release|x64
		{C1753D1A-9D38-4A6F-AA01-BDADECB2EAC8}.Release|x64.Build.0 = Release|x64
		{C1753D1A-9D38-4A6F-AA01-BDADECB2EAC8}.Release|x86.ActiveCfg = Release|x86
		{C1753D1A-9D38-4A6F-AA01-BDADECB2EAC8}.Release|x86.Build.0 = Release|x86
		{9D72312D-BC81-4864-83FB-6C650B06B8BA}.Debug|Any CPU.ActiveCfg = Debug|Any CPU
		{9D72312D-BC81-4864-83FB-6C650B06B8BA}.Debug|Any CPU.Build.0 = Debug|Any CPU
		{9D72312D-BC81-4864-83FB-6C650B06B8BA}.Debug|x64.ActiveCfg = Debug|x64
		{9D72312D-BC81-4864-83FB-6C650B06B8BA}.Debug|x64.Build.0 = Debug|x64
		{9D72312D-BC81-4864-83FB-6C650B06B8BA}.Debug|x86.ActiveCfg = Debug|x86
		{9D72312D-BC81-4864-83FB-6C650B06B8BA}.Debug|x86.Build.0 = Debug|x86
		{9D72312D-BC81-4864-83FB-6C650B06B8BA}.Release|Any CPU.ActiveCfg = Release|Any CPU
		{9D72312D-BC81-4864-83FB-6C650B06B8BA}.Release|Any CPU.Build.0 = Release|Any CPU
		{9D72312D-BC81-4864-83FB-6C650B06B8BA}.Release|x64.ActiveCfg = Release|x64
		{9D72312D-BC81-4864-83FB-6C650B06B8BA}.Release|x64.Build.0 = Release|x64
		{9D72312D-BC81-4864-83FB-6C650B06B8BA}.Release|x86.ActiveCfg = Release|x86
		{9D72312D-BC81-4864-83FB-6C650B06B8BA}.Release|x86.Build.0 = Release|x86
		{E3BEBCD1-4B5E-4D35-981C-256F2A03CC7A}.Debug|Any CPU.ActiveCfg = Debug|Any CPU
		{E3BEBCD1-4B5E-4D35-981C-256F2A03CC7A}.Debug|Any CPU.Build.0 = Debug|Any CPU
		{E3BEBCD1-4B5E-4D35-981C-256F2A03CC7A}.Debug|x64.ActiveCfg = Debug|x64
		{E3BEBCD1-4B5E-4D35-981C-256F2A03CC7A}.Debug|x64.Build.0 = Debug|x64
		{E3BEBCD1-4B5E-4D35-981C-256F2A03CC7A}.Debug|x86.ActiveCfg = Debug|x86
		{E3BEBCD1-4B5E-4D35-981C-256F2A03CC7A}.Debug|x86.Build.0 = Debug|x86
		{E3BEBCD1-4B5E-4D35-981C-256F2A03CC7A}.Release|Any CPU.ActiveCfg = Release|Any CPU
		{E3BEBCD1-4B5E-4D35-981C-256F2A03CC7A}.Release|Any CPU.Build.0 = Release|Any CPU
		{E3BEBCD1-4B5E-4D35-981C-256F2A03CC7A}.Release|x64.ActiveCfg = Release|x64
		{E3BEBCD1-4B5E-4D35-981C-256F2A03CC7A}.Release|x64.Build.0 = Release|x64
		{E3BEBCD1-4B5E-4D35-981C-256F2A03CC7A}.Release|x86.ActiveCfg = Release|x86
		{E3BEBCD1-4B5E-4D35-981C-256F2A03CC7A}.Release|x86.Build.0 = Release|x86
		{96838F37-2E15-4785-B117-0DE31494F733}.Debug|Any CPU.ActiveCfg = Debug|Any CPU
		{96838F37-2E15-4785-B117-0DE31494F733}.Debug|Any CPU.Build.0 = Debug|Any CPU
		{96838F37-2E15-4785-B117-0DE31494F733}.Debug|x64.ActiveCfg = Debug|x64
		{96838F37-2E15-4785-B117-0DE31494F733}.Debug|x64.Build.0 = Debug|x64
		{96838F37-2E15-4785-B117-0DE31494F733}.Debug|x86.ActiveCfg = Debug|x86
		{96838F37-2E15-4785-B117-0DE31494F733}.Debug|x86.Build.0 = Debug|x86
		{96838F37-2E15-4785-B117-0DE31494F733}.Release|Any CPU.ActiveCfg = Release|Any CPU
		{96838F37-2E15-4785-B117-0DE31494F733}.Release|Any CPU.Build.0 = Release|Any CPU
		{96838F37-2E15-4785-B117-0DE31494F733}.Release|x64.ActiveCfg = Release|x64
		{96838F37-2E15-4785-B117-0DE31494F733}.Release|x64.Build.0 = Release|x64
		{96838F37-2E15-4785-B117-0DE31494F733}.Release|x86.ActiveCfg = Release|x86
		{96838F37-2E15-4785-B117-0DE31494F733}.Release|x86.Build.0 = Release|x86
		{B3231E73-5058-4588-B20D-877BABD7384E}.Debug|Any CPU.ActiveCfg = Debug|Any CPU
		{B3231E73-5058-4588-B20D-877BABD7384E}.Debug|Any CPU.Build.0 = Debug|Any CPU
		{B3231E73-5058-4588-B20D-877BABD7384E}.Debug|x64.ActiveCfg = Debug|x64
		{B3231E73-5058-4588-B20D-877BABD7384E}.Debug|x64.Build.0 = Debug|x64
		{B3231E73-5058-4588-B20D-877BABD7384E}.Debug|x86.ActiveCfg = Debug|x86
		{B3231E73-5058-4588-B20D-877BABD7384E}.Debug|x86.Build.0 = Debug|x86
		{B3231E73-5058-4588-B20D-877BABD7384E}.Release|Any CPU.ActiveCfg = Release|Any CPU
		{B3231E73-5058-4588-B20D-877BABD7384E}.Release|Any CPU.Build.0 = Release|Any CPU
		{B3231E73-5058-4588-B20D-877BABD7384E}.Release|x64.ActiveCfg = Release|x64
		{B3231E73-5058-4588-B20D-877BABD7384E}.Release|x64.Build.0 = Release|x64
		{B3231E73-5058-4588-B20D-877BABD7384E}.Release|x86.ActiveCfg = Release|x86
		{B3231E73-5058-4588-B20D-877BABD7384E}.Release|x86.Build.0 = Release|x86
		{457FEF12-BD22-4498-924F-941B31DCCD6B}.Debug|Any CPU.ActiveCfg = Debug|Any CPU
		{457FEF12-BD22-4498-924F-941B31DCCD6B}.Debug|Any CPU.Build.0 = Debug|Any CPU
		{457FEF12-BD22-4498-924F-941B31DCCD6B}.Debug|x64.ActiveCfg = Debug|x64
		{457FEF12-BD22-4498-924F-941B31DCCD6B}.Debug|x64.Build.0 = Debug|x64
		{457FEF12-BD22-4498-924F-941B31DCCD6B}.Debug|x86.ActiveCfg = Debug|x86
		{457FEF12-BD22-4498-924F-941B31DCCD6B}.Debug|x86.Build.0 = Debug|x86
		{457FEF12-BD22-4498-924F-941B31DCCD6B}.Release|Any CPU.ActiveCfg = Release|Any CPU
		{457FEF12-BD22-4498-924F-941B31DCCD6B}.Release|Any CPU.Build.0 = Release|Any CPU
		{457FEF12-BD22-4498-924F-941B31DCCD6B}.Release|x64.ActiveCfg = Release|x64
		{457FEF12-BD22-4498-924F-941B31DCCD6B}.Release|x64.Build.0 = Release|x64
		{457FEF12-BD22-4498-924F-941B31DCCD6B}.Release|x86.ActiveCfg = Release|x86
		{457FEF12-BD22-4498-924F-941B31DCCD6B}.Release|x86.Build.0 = Release|x86
		{8A6D0F17-5C0F-41B0-AB0A-425548BF92F1}.Debug|Any CPU.ActiveCfg = Debug|Any CPU
		{8A6D0F17-5C0F-41B0-AB0A-425548BF92F1}.Debug|Any CPU.Build.0 = Debug|Any CPU
		{8A6D0F17-5C0F-41B0-AB0A-425548BF92F1}.Debug|x64.ActiveCfg = Debug|x64
		{8A6D0F17-5C0F-41B0-AB0A-425548BF92F1}.Debug|x64.Build.0 = Debug|x64
		{8A6D0F17-5C0F-41B0-AB0A-425548BF92F1}.Debug|x86.ActiveCfg = Debug|x86
		{8A6D0F17-5C0F-41B0-AB0A-425548BF92F1}.Debug|x86.Build.0 = Debug|x86
		{8A6D0F17-5C0F-41B0-AB0A-425548BF92F1}.Release|Any CPU.ActiveCfg = Release|Any CPU
		{8A6D0F17-5C0F-41B0-AB0A-425548BF92F1}.Release|Any CPU.Build.0 = Release|Any CPU
		{8A6D0F17-5C0F-41B0-AB0A-425548BF92F1}.Release|x64.ActiveCfg = Release|x64
		{8A6D0F17-5C0F-41B0-AB0A-425548BF92F1}.Release|x64.Build.0 = Release|x64
		{8A6D0F17-5C0F-41B0-AB0A-425548BF92F1}.Release|x86.ActiveCfg = Release|x86
		{8A6D0F17-5C0F-41B0-AB0A-425548BF92F1}.Release|x86.Build.0 = Release|x86
		{A612C779-BE2B-44F2-9C86-BD5324F1F8B6}.Debug|Any CPU.ActiveCfg = Debug|Any CPU
		{A612C779-BE2B-44F2-9C86-BD5324F1F8B6}.Debug|Any CPU.Build.0 = Debug|Any CPU
		{A612C779-BE2B-44F2-9C86-BD5324F1F8B6}.Debug|x64.ActiveCfg = Debug|x64
		{A612C779-BE2B-44F2-9C86-BD5324F1F8B6}.Debug|x64.Build.0 = Debug|x64
		{A612C779-BE2B-44F2-9C86-BD5324F1F8B6}.Debug|x86.ActiveCfg = Debug|x86
		{A612C779-BE2B-44F2-9C86-BD5324F1F8B6}.Debug|x86.Build.0 = Debug|x86
		{A612C779-BE2B-44F2-9C86-BD5324F1F8B6}.Release|Any CPU.ActiveCfg = Release|Any CPU
		{A612C779-BE2B-44F2-9C86-BD5324F1F8B6}.Release|Any CPU.Build.0 = Release|Any CPU
		{A612C779-BE2B-44F2-9C86-BD5324F1F8B6}.Release|x64.ActiveCfg = Release|x64
		{A612C779-BE2B-44F2-9C86-BD5324F1F8B6}.Release|x64.Build.0 = Release|x64
		{A612C779-BE2B-44F2-9C86-BD5324F1F8B6}.Release|x86.ActiveCfg = Release|x86
		{A612C779-BE2B-44F2-9C86-BD5324F1F8B6}.Release|x86.Build.0 = Release|x86
		{C630F74C-826A-4A2A-B56C-577F214B80E7}.Debug|Any CPU.ActiveCfg = Debug|Any CPU
		{C630F74C-826A-4A2A-B56C-577F214B80E7}.Debug|Any CPU.Build.0 = Debug|Any CPU
		{C630F74C-826A-4A2A-B56C-577F214B80E7}.Debug|x64.ActiveCfg = Debug|x64
		{C630F74C-826A-4A2A-B56C-577F214B80E7}.Debug|x64.Build.0 = Debug|x64
		{C630F74C-826A-4A2A-B56C-577F214B80E7}.Debug|x86.ActiveCfg = Debug|x86
		{C630F74C-826A-4A2A-B56C-577F214B80E7}.Debug|x86.Build.0 = Debug|x86
		{C630F74C-826A-4A2A-B56C-577F214B80E7}.Release|Any CPU.ActiveCfg = Release|Any CPU
		{C630F74C-826A-4A2A-B56C-577F214B80E7}.Release|Any CPU.Build.0 = Release|Any CPU
		{C630F74C-826A-4A2A-B56C-577F214B80E7}.Release|x64.ActiveCfg = Release|x64
		{C630F74C-826A-4A2A-B56C-577F214B80E7}.Release|x64.Build.0 = Release|x64
		{C630F74C-826A-4A2A-B56C-577F214B80E7}.Release|x86.ActiveCfg = Release|x86
		{C630F74C-826A-4A2A-B56C-577F214B80E7}.Release|x86.Build.0 = Release|x86
		{96D3AEEB-6CBF-4CA8-A8DA-E3FF092DA77D}.Debug|Any CPU.ActiveCfg = Debug|Any CPU
		{96D3AEEB-6CBF-4CA8-A8DA-E3FF092DA77D}.Debug|Any CPU.Build.0 = Debug|Any CPU
		{96D3AEEB-6CBF-4CA8-A8DA-E3FF092DA77D}.Debug|x64.ActiveCfg = Debug|x64
		{96D3AEEB-6CBF-4CA8-A8DA-E3FF092DA77D}.Debug|x64.Build.0 = Debug|x64
		{96D3AEEB-6CBF-4CA8-A8DA-E3FF092DA77D}.Debug|x86.ActiveCfg = Debug|x86
		{96D3AEEB-6CBF-4CA8-A8DA-E3FF092DA77D}.Debug|x86.Build.0 = Debug|x86
		{96D3AEEB-6CBF-4CA8-A8DA-E3FF092DA77D}.Release|Any CPU.ActiveCfg = Release|Any CPU
		{96D3AEEB-6CBF-4CA8-A8DA-E3FF092DA77D}.Release|Any CPU.Build.0 = Release|Any CPU
		{96D3AEEB-6CBF-4CA8-A8DA-E3FF092DA77D}.Release|x64.ActiveCfg = Release|x64
		{96D3AEEB-6CBF-4CA8-A8DA-E3FF092DA77D}.Release|x64.Build.0 = Release|x64
		{96D3AEEB-6CBF-4CA8-A8DA-E3FF092DA77D}.Release|x86.ActiveCfg = Release|x86
		{96D3AEEB-6CBF-4CA8-A8DA-E3FF092DA77D}.Release|x86.Build.0 = Release|x86
		{C166D7A5-EE6E-4CB7-9484-FFCFD33B5ADF}.Debug|Any CPU.ActiveCfg = Debug|Any CPU
		{C166D7A5-EE6E-4CB7-9484-FFCFD33B5ADF}.Debug|Any CPU.Build.0 = Debug|Any CPU
		{C166D7A5-EE6E-4CB7-9484-FFCFD33B5ADF}.Debug|x64.ActiveCfg = Debug|x64
		{C166D7A5-EE6E-4CB7-9484-FFCFD33B5ADF}.Debug|x64.Build.0 = Debug|x64
		{C166D7A5-EE6E-4CB7-9484-FFCFD33B5ADF}.Debug|x86.ActiveCfg = Debug|x86
		{C166D7A5-EE6E-4CB7-9484-FFCFD33B5ADF}.Debug|x86.Build.0 = Debug|x86
		{C166D7A5-EE6E-4CB7-9484-FFCFD33B5ADF}.Release|Any CPU.ActiveCfg = Release|Any CPU
		{C166D7A5-EE6E-4CB7-9484-FFCFD33B5ADF}.Release|Any CPU.Build.0 = Release|Any CPU
		{C166D7A5-EE6E-4CB7-9484-FFCFD33B5ADF}.Release|x64.ActiveCfg = Release|x64
		{C166D7A5-EE6E-4CB7-9484-FFCFD33B5ADF}.Release|x64.Build.0 = Release|x64
		{C166D7A5-EE6E-4CB7-9484-FFCFD33B5ADF}.Release|x86.ActiveCfg = Release|x86
		{C166D7A5-EE6E-4CB7-9484-FFCFD33B5ADF}.Release|x86.Build.0 = Release|x86
		{114B8733-DECF-4402-BA25-E3DBE265E993}.Debug|Any CPU.ActiveCfg = Debug|Any CPU
		{114B8733-DECF-4402-BA25-E3DBE265E993}.Debug|Any CPU.Build.0 = Debug|Any CPU
		{114B8733-DECF-4402-BA25-E3DBE265E993}.Debug|x64.ActiveCfg = Debug|x64
		{114B8733-DECF-4402-BA25-E3DBE265E993}.Debug|x64.Build.0 = Debug|x64
		{114B8733-DECF-4402-BA25-E3DBE265E993}.Debug|x86.ActiveCfg = Debug|x86
		{114B8733-DECF-4402-BA25-E3DBE265E993}.Debug|x86.Build.0 = Debug|x86
		{114B8733-DECF-4402-BA25-E3DBE265E993}.Release|Any CPU.ActiveCfg = Release|Any CPU
		{114B8733-DECF-4402-BA25-E3DBE265E993}.Release|Any CPU.Build.0 = Release|Any CPU
		{114B8733-DECF-4402-BA25-E3DBE265E993}.Release|x64.ActiveCfg = Release|x64
		{114B8733-DECF-4402-BA25-E3DBE265E993}.Release|x64.Build.0 = Release|x64
		{114B8733-DECF-4402-BA25-E3DBE265E993}.Release|x86.ActiveCfg = Release|x86
		{114B8733-DECF-4402-BA25-E3DBE265E993}.Release|x86.Build.0 = Release|x86
		{E6F52BB8-DF05-449B-964A-1E35D8F57304}.Debug|Any CPU.ActiveCfg = Debug|Any CPU
		{E6F52BB8-DF05-449B-964A-1E35D8F57304}.Debug|Any CPU.Build.0 = Debug|Any CPU
		{E6F52BB8-DF05-449B-964A-1E35D8F57304}.Debug|x64.ActiveCfg = Debug|x64
		{E6F52BB8-DF05-449B-964A-1E35D8F57304}.Debug|x64.Build.0 = Debug|x64
		{E6F52BB8-DF05-449B-964A-1E35D8F57304}.Debug|x86.ActiveCfg = Debug|x86
		{E6F52BB8-DF05-449B-964A-1E35D8F57304}.Debug|x86.Build.0 = Debug|x86
		{E6F52BB8-DF05-449B-964A-1E35D8F57304}.Release|Any CPU.ActiveCfg = Release|Any CPU
		{E6F52BB8-DF05-449B-964A-1E35D8F57304}.Release|Any CPU.Build.0 = Release|Any CPU
		{E6F52BB8-DF05-449B-964A-1E35D8F57304}.Release|x64.ActiveCfg = Release|x64
		{E6F52BB8-DF05-449B-964A-1E35D8F57304}.Release|x64.Build.0 = Release|x64
		{E6F52BB8-DF05-449B-964A-1E35D8F57304}.Release|x86.ActiveCfg = Release|x86
		{E6F52BB8-DF05-449B-964A-1E35D8F57304}.Release|x86.Build.0 = Release|x86
		{F4FC605C-64C5-4E59-B5E6-8F8644BC1C03}.Debug|Any CPU.ActiveCfg = Debug|Any CPU
		{F4FC605C-64C5-4E59-B5E6-8F8644BC1C03}.Debug|Any CPU.Build.0 = Debug|Any CPU
		{F4FC605C-64C5-4E59-B5E6-8F8644BC1C03}.Debug|x64.ActiveCfg = Debug|x64
		{F4FC605C-64C5-4E59-B5E6-8F8644BC1C03}.Debug|x64.Build.0 = Debug|x64
		{F4FC605C-64C5-4E59-B5E6-8F8644BC1C03}.Debug|x86.ActiveCfg = Debug|x86
		{F4FC605C-64C5-4E59-B5E6-8F8644BC1C03}.Debug|x86.Build.0 = Debug|x86
		{F4FC605C-64C5-4E59-B5E6-8F8644BC1C03}.Release|Any CPU.ActiveCfg = Release|Any CPU
		{F4FC605C-64C5-4E59-B5E6-8F8644BC1C03}.Release|Any CPU.Build.0 = Release|Any CPU
		{F4FC605C-64C5-4E59-B5E6-8F8644BC1C03}.Release|x64.ActiveCfg = Release|x64
		{F4FC605C-64C5-4E59-B5E6-8F8644BC1C03}.Release|x64.Build.0 = Release|x64
		{F4FC605C-64C5-4E59-B5E6-8F8644BC1C03}.Release|x86.ActiveCfg = Release|x86
		{F4FC605C-64C5-4E59-B5E6-8F8644BC1C03}.Release|x86.Build.0 = Release|x86
		{3179D827-1C9E-4291-8399-9D9A2BAFE374}.Debug|Any CPU.ActiveCfg = Debug|Any CPU
		{3179D827-1C9E-4291-8399-9D9A2BAFE374}.Debug|Any CPU.Build.0 = Debug|Any CPU
		{3179D827-1C9E-4291-8399-9D9A2BAFE374}.Debug|x64.ActiveCfg = Debug|x64
		{3179D827-1C9E-4291-8399-9D9A2BAFE374}.Debug|x64.Build.0 = Debug|x64
		{3179D827-1C9E-4291-8399-9D9A2BAFE374}.Debug|x86.ActiveCfg = Debug|x86
		{3179D827-1C9E-4291-8399-9D9A2BAFE374}.Debug|x86.Build.0 = Debug|x86
		{3179D827-1C9E-4291-8399-9D9A2BAFE374}.Release|Any CPU.ActiveCfg = Release|Any CPU
		{3179D827-1C9E-4291-8399-9D9A2BAFE374}.Release|Any CPU.Build.0 = Release|Any CPU
		{3179D827-1C9E-4291-8399-9D9A2BAFE374}.Release|x64.ActiveCfg = Release|x64
		{3179D827-1C9E-4291-8399-9D9A2BAFE374}.Release|x64.Build.0 = Release|x64
		{3179D827-1C9E-4291-8399-9D9A2BAFE374}.Release|x86.ActiveCfg = Release|x86
		{3179D827-1C9E-4291-8399-9D9A2BAFE374}.Release|x86.Build.0 = Release|x86
		{C575353D-C1A4-46AC-9546-E62E74270E7E}.Debug|Any CPU.ActiveCfg = Debug|Any CPU
		{C575353D-C1A4-46AC-9546-E62E74270E7E}.Debug|Any CPU.Build.0 = Debug|Any CPU
		{C575353D-C1A4-46AC-9546-E62E74270E7E}.Debug|x64.ActiveCfg = Debug|x64
		{C575353D-C1A4-46AC-9546-E62E74270E7E}.Debug|x64.Build.0 = Debug|x64
		{C575353D-C1A4-46AC-9546-E62E74270E7E}.Debug|x86.ActiveCfg = Debug|x86
		{C575353D-C1A4-46AC-9546-E62E74270E7E}.Debug|x86.Build.0 = Debug|x86
		{C575353D-C1A4-46AC-9546-E62E74270E7E}.Release|Any CPU.ActiveCfg = Release|Any CPU
		{C575353D-C1A4-46AC-9546-E62E74270E7E}.Release|Any CPU.Build.0 = Release|Any CPU
		{C575353D-C1A4-46AC-9546-E62E74270E7E}.Release|x64.ActiveCfg = Release|x64
		{C575353D-C1A4-46AC-9546-E62E74270E7E}.Release|x64.Build.0 = Release|x64
		{C575353D-C1A4-46AC-9546-E62E74270E7E}.Release|x86.ActiveCfg = Release|x86
		{C575353D-C1A4-46AC-9546-E62E74270E7E}.Release|x86.Build.0 = Release|x86
		{585C72E8-10A8-4DFA-8A5C-467C5DD4C98C}.Debug|Any CPU.ActiveCfg = Debug|Any CPU
		{585C72E8-10A8-4DFA-8A5C-467C5DD4C98C}.Debug|Any CPU.Build.0 = Debug|Any CPU
		{585C72E8-10A8-4DFA-8A5C-467C5DD4C98C}.Debug|x64.ActiveCfg = Debug|x64
		{585C72E8-10A8-4DFA-8A5C-467C5DD4C98C}.Debug|x64.Build.0 = Debug|x64
		{585C72E8-10A8-4DFA-8A5C-467C5DD4C98C}.Debug|x86.ActiveCfg = Debug|x86
		{585C72E8-10A8-4DFA-8A5C-467C5DD4C98C}.Debug|x86.Build.0 = Debug|x86
		{585C72E8-10A8-4DFA-8A5C-467C5DD4C98C}.Release|Any CPU.ActiveCfg = Release|Any CPU
		{585C72E8-10A8-4DFA-8A5C-467C5DD4C98C}.Release|Any CPU.Build.0 = Release|Any CPU
		{585C72E8-10A8-4DFA-8A5C-467C5DD4C98C}.Release|x64.ActiveCfg = Release|x64
		{585C72E8-10A8-4DFA-8A5C-467C5DD4C98C}.Release|x64.Build.0 = Release|x64
		{585C72E8-10A8-4DFA-8A5C-467C5DD4C98C}.Release|x86.ActiveCfg = Release|x86
		{585C72E8-10A8-4DFA-8A5C-467C5DD4C98C}.Release|x86.Build.0 = Release|x86
		{9339ED5B-312F-4AAF-9DF6-31B6C3169C48}.Debug|Any CPU.ActiveCfg = Debug|Any CPU
		{9339ED5B-312F-4AAF-9DF6-31B6C3169C48}.Debug|Any CPU.Build.0 = Debug|Any CPU
		{9339ED5B-312F-4AAF-9DF6-31B6C3169C48}.Debug|x64.ActiveCfg = Debug|x64
		{9339ED5B-312F-4AAF-9DF6-31B6C3169C48}.Debug|x64.Build.0 = Debug|x64
		{9339ED5B-312F-4AAF-9DF6-31B6C3169C48}.Debug|x86.ActiveCfg = Debug|x86
		{9339ED5B-312F-4AAF-9DF6-31B6C3169C48}.Debug|x86.Build.0 = Debug|x86
		{9339ED5B-312F-4AAF-9DF6-31B6C3169C48}.Release|Any CPU.ActiveCfg = Release|Any CPU
		{9339ED5B-312F-4AAF-9DF6-31B6C3169C48}.Release|Any CPU.Build.0 = Release|Any CPU
		{9339ED5B-312F-4AAF-9DF6-31B6C3169C48}.Release|x64.ActiveCfg = Release|x64
		{9339ED5B-312F-4AAF-9DF6-31B6C3169C48}.Release|x64.Build.0 = Release|x64
		{9339ED5B-312F-4AAF-9DF6-31B6C3169C48}.Release|x86.ActiveCfg = Release|x86
		{9339ED5B-312F-4AAF-9DF6-31B6C3169C48}.Release|x86.Build.0 = Release|x86
		{727CF318-94B5-48AB-93F7-98FB6EF44F61}.Debug|Any CPU.ActiveCfg = Debug|Any CPU
		{727CF318-94B5-48AB-93F7-98FB6EF44F61}.Debug|Any CPU.Build.0 = Debug|Any CPU
		{727CF318-94B5-48AB-93F7-98FB6EF44F61}.Debug|x64.ActiveCfg = Debug|x64
		{727CF318-94B5-48AB-93F7-98FB6EF44F61}.Debug|x64.Build.0 = Debug|x64
		{727CF318-94B5-48AB-93F7-98FB6EF44F61}.Debug|x86.ActiveCfg = Debug|x86
		{727CF318-94B5-48AB-93F7-98FB6EF44F61}.Debug|x86.Build.0 = Debug|x86
		{727CF318-94B5-48AB-93F7-98FB6EF44F61}.Release|Any CPU.ActiveCfg = Release|Any CPU
		{727CF318-94B5-48AB-93F7-98FB6EF44F61}.Release|Any CPU.Build.0 = Release|Any CPU
		{727CF318-94B5-48AB-93F7-98FB6EF44F61}.Release|x64.ActiveCfg = Release|x64
		{727CF318-94B5-48AB-93F7-98FB6EF44F61}.Release|x64.Build.0 = Release|x64
		{727CF318-94B5-48AB-93F7-98FB6EF44F61}.Release|x86.ActiveCfg = Release|x86
		{727CF318-94B5-48AB-93F7-98FB6EF44F61}.Release|x86.Build.0 = Release|x86
		{AE568406-C88F-4638-B29E-6582EFB31C96}.Debug|Any CPU.ActiveCfg = Debug|Any CPU
		{AE568406-C88F-4638-B29E-6582EFB31C96}.Debug|Any CPU.Build.0 = Debug|Any CPU
		{AE568406-C88F-4638-B29E-6582EFB31C96}.Debug|x64.ActiveCfg = Debug|x64
		{AE568406-C88F-4638-B29E-6582EFB31C96}.Debug|x64.Build.0 = Debug|x64
		{AE568406-C88F-4638-B29E-6582EFB31C96}.Debug|x86.ActiveCfg = Debug|x86
		{AE568406-C88F-4638-B29E-6582EFB31C96}.Debug|x86.Build.0 = Debug|x86
		{AE568406-C88F-4638-B29E-6582EFB31C96}.Release|Any CPU.ActiveCfg = Release|Any CPU
		{AE568406-C88F-4638-B29E-6582EFB31C96}.Release|Any CPU.Build.0 = Release|Any CPU
		{AE568406-C88F-4638-B29E-6582EFB31C96}.Release|x64.ActiveCfg = Release|x64
		{AE568406-C88F-4638-B29E-6582EFB31C96}.Release|x64.Build.0 = Release|x64
		{AE568406-C88F-4638-B29E-6582EFB31C96}.Release|x86.ActiveCfg = Release|x86
		{AE568406-C88F-4638-B29E-6582EFB31C96}.Release|x86.Build.0 = Release|x86
		{70259678-BEA1-44D4-BD7F-85A60D683B8B}.Debug|Any CPU.ActiveCfg = Debug|Any CPU
		{70259678-BEA1-44D4-BD7F-85A60D683B8B}.Debug|Any CPU.Build.0 = Debug|Any CPU
		{70259678-BEA1-44D4-BD7F-85A60D683B8B}.Debug|x64.ActiveCfg = Debug|x64
		{70259678-BEA1-44D4-BD7F-85A60D683B8B}.Debug|x64.Build.0 = Debug|x64
		{70259678-BEA1-44D4-BD7F-85A60D683B8B}.Debug|x86.ActiveCfg = Debug|x86
		{70259678-BEA1-44D4-BD7F-85A60D683B8B}.Debug|x86.Build.0 = Debug|x86
		{70259678-BEA1-44D4-BD7F-85A60D683B8B}.Release|Any CPU.ActiveCfg = Release|Any CPU
		{70259678-BEA1-44D4-BD7F-85A60D683B8B}.Release|Any CPU.Build.0 = Release|Any CPU
		{70259678-BEA1-44D4-BD7F-85A60D683B8B}.Release|x64.ActiveCfg = Release|x64
		{70259678-BEA1-44D4-BD7F-85A60D683B8B}.Release|x64.Build.0 = Release|x64
		{70259678-BEA1-44D4-BD7F-85A60D683B8B}.Release|x86.ActiveCfg = Release|x86
		{70259678-BEA1-44D4-BD7F-85A60D683B8B}.Release|x86.Build.0 = Release|x86
		{3E64D878-8E98-465B-9FA9-A90D1D3B97B1}.Debug|Any CPU.ActiveCfg = Debug|Any CPU
		{3E64D878-8E98-465B-9FA9-A90D1D3B97B1}.Debug|Any CPU.Build.0 = Debug|Any CPU
		{3E64D878-8E98-465B-9FA9-A90D1D3B97B1}.Debug|x64.ActiveCfg = Debug|x64
		{3E64D878-8E98-465B-9FA9-A90D1D3B97B1}.Debug|x64.Build.0 = Debug|x64
		{3E64D878-8E98-465B-9FA9-A90D1D3B97B1}.Debug|x86.ActiveCfg = Debug|x86
		{3E64D878-8E98-465B-9FA9-A90D1D3B97B1}.Debug|x86.Build.0 = Debug|x86
		{3E64D878-8E98-465B-9FA9-A90D1D3B97B1}.Release|Any CPU.ActiveCfg = Release|Any CPU
		{3E64D878-8E98-465B-9FA9-A90D1D3B97B1}.Release|Any CPU.Build.0 = Release|Any CPU
		{3E64D878-8E98-465B-9FA9-A90D1D3B97B1}.Release|x64.ActiveCfg = Release|x64
		{3E64D878-8E98-465B-9FA9-A90D1D3B97B1}.Release|x64.Build.0 = Release|x64
		{3E64D878-8E98-465B-9FA9-A90D1D3B97B1}.Release|x86.ActiveCfg = Release|x86
		{3E64D878-8E98-465B-9FA9-A90D1D3B97B1}.Release|x86.Build.0 = Release|x86
		{D68F920D-02E7-43D4-AF48-C2BB70900B11}.Debug|Any CPU.ActiveCfg = Debug|Any CPU
		{D68F920D-02E7-43D4-AF48-C2BB70900B11}.Debug|Any CPU.Build.0 = Debug|Any CPU
		{D68F920D-02E7-43D4-AF48-C2BB70900B11}.Debug|x64.ActiveCfg = Debug|x64
		{D68F920D-02E7-43D4-AF48-C2BB70900B11}.Debug|x64.Build.0 = Debug|x64
		{D68F920D-02E7-43D4-AF48-C2BB70900B11}.Debug|x86.ActiveCfg = Debug|x86
		{D68F920D-02E7-43D4-AF48-C2BB70900B11}.Debug|x86.Build.0 = Debug|x86
		{D68F920D-02E7-43D4-AF48-C2BB70900B11}.Release|Any CPU.ActiveCfg = Release|Any CPU
		{D68F920D-02E7-43D4-AF48-C2BB70900B11}.Release|Any CPU.Build.0 = Release|Any CPU
		{D68F920D-02E7-43D4-AF48-C2BB70900B11}.Release|x64.ActiveCfg = Release|x64
		{D68F920D-02E7-43D4-AF48-C2BB70900B11}.Release|x64.Build.0 = Release|x64
		{D68F920D-02E7-43D4-AF48-C2BB70900B11}.Release|x86.ActiveCfg = Release|x86
		{D68F920D-02E7-43D4-AF48-C2BB70900B11}.Release|x86.Build.0 = Release|x86
		{2890BD2D-9511-4503-BB1A-01B7493EADE0}.Debug|Any CPU.ActiveCfg = Debug|Any CPU
		{2890BD2D-9511-4503-BB1A-01B7493EADE0}.Debug|Any CPU.Build.0 = Debug|Any CPU
		{2890BD2D-9511-4503-BB1A-01B7493EADE0}.Debug|x64.ActiveCfg = Debug|x64
		{2890BD2D-9511-4503-BB1A-01B7493EADE0}.Debug|x64.Build.0 = Debug|x64
		{2890BD2D-9511-4503-BB1A-01B7493EADE0}.Debug|x86.ActiveCfg = Debug|x86
		{2890BD2D-9511-4503-BB1A-01B7493EADE0}.Debug|x86.Build.0 = Debug|x86
		{2890BD2D-9511-4503-BB1A-01B7493EADE0}.Release|Any CPU.ActiveCfg = Release|Any CPU
		{2890BD2D-9511-4503-BB1A-01B7493EADE0}.Release|Any CPU.Build.0 = Release|Any CPU
		{2890BD2D-9511-4503-BB1A-01B7493EADE0}.Release|x64.ActiveCfg = Release|x64
		{2890BD2D-9511-4503-BB1A-01B7493EADE0}.Release|x64.Build.0 = Release|x64
		{2890BD2D-9511-4503-BB1A-01B7493EADE0}.Release|x86.ActiveCfg = Release|x86
		{2890BD2D-9511-4503-BB1A-01B7493EADE0}.Release|x86.Build.0 = Release|x86
	EndGlobalSection
	GlobalSection(SolutionProperties) = preSolution
		HideSolutionNode = FALSE
	EndGlobalSection
EndGlobal
