
Microsoft Visual Studio Solution File, Format Version 12.00
# Visual Studio 2013
VisualStudioVersion = 12.0.31101.0
MinimumVisualStudioVersion = 10.0.40219.1
Project("{FAE04EC0-301F-11D3-BF4B-00C04F79EFBC}") = "Ujc.Ovj.Ooxml.Conversion", "Ujc.Ovj.Ooxml.Conversion\Ujc.Ovj.Ooxml.Conversion.csproj", "{C1753D1A-9D38-4A6F-AA01-BDADECB2EAC8}"
EndProject
Project("{FAE04EC0-301F-11D3-BF4B-00C04F79EFBC}") = "Ujc.Ovj.Ooxml.Conversion.Test", "Ujc.Ovj.Ooxml.Conversion.Test\Ujc.Ovj.Ooxml.Conversion.Test.csproj", "{9D72312D-BC81-4864-83FB-6C650B06B8BA}"
EndProject
Project("{FAE04EC0-301F-11D3-BF4B-00C04F79EFBC}") = "Ujc.Ovj.Xml.Tei.Splitting", "Ujc.Ovj.Xml.Tei.Splitting\Ujc.Ovj.Xml.Tei.Splitting.csproj", "{E3BEBCD1-4B5E-4D35-981C-256F2A03CC7A}"
EndProject
Global
	GlobalSection(SolutionConfigurationPlatforms) = preSolution
		Debug|Any CPU = Debug|Any CPU
		Release|Any CPU = Release|Any CPU
	EndGlobalSection
	GlobalSection(ProjectConfigurationPlatforms) = postSolution
		{C1753D1A-9D38-4A6F-AA01-BDADECB2EAC8}.Debug|Any CPU.ActiveCfg = Debug|Any CPU
		{C1753D1A-9D38-4A6F-AA01-BDADECB2EAC8}.Debug|Any CPU.Build.0 = Debug|Any CPU
		{C1753D1A-9D38-4A6F-AA01-BDADECB2EAC8}.Release|Any CPU.ActiveCfg = Release|Any CPU
		{C1753D1A-9D38-4A6F-AA01-BDADECB2EAC8}.Release|Any CPU.Build.0 = Release|Any CPU
		{9D72312D-BC81-4864-83FB-6C650B06B8BA}.Debug|Any CPU.ActiveCfg = Debug|Any CPU
		{9D72312D-BC81-4864-83FB-6C650B06B8BA}.Debug|Any CPU.Build.0 = Debug|Any CPU
		{9D72312D-BC81-4864-83FB-6C650B06B8BA}.Release|Any CPU.ActiveCfg = Release|Any CPU
		{9D72312D-BC81-4864-83FB-6C650B06B8BA}.Release|Any CPU.Build.0 = Release|Any CPU
		{E3BEBCD1-4B5E-4D35-981C-256F2A03CC7A}.Debug|Any CPU.ActiveCfg = Debug|Any CPU
		{E3BEBCD1-4B5E-4D35-981C-256F2A03CC7A}.Debug|Any CPU.Build.0 = Debug|Any CPU
		{E3BEBCD1-4B5E-4D35-981C-256F2A03CC7A}.Release|Any CPU.ActiveCfg = Release|Any CPU
		{E3BEBCD1-4B5E-4D35-981C-256F2A03CC7A}.Release|Any CPU.Build.0 = Release|Any CPU
	EndGlobalSection
	GlobalSection(SolutionProperties) = preSolution
		HideSolutionNode = FALSE
	EndGlobalSection
EndGlobal
