Microsoft Visual Studio Solution File, Format Version 12.00
# Visual Studio 2013
VisualStudioVersion = 12.0.30723.0
MinimumVisualStudioVersion = 10.0.40219.1
Project("{FAE04EC0-301F-11D3-BF4B-00C04F79EFBC}") = "ITJakub.MVCWebLayer", "MVCWebLayer\ITJakub.MVCWebLayer.csproj", "{45118A71-641D-4A5F-8E92-57B4972B19B5}"
EndProject
Project("{2150E333-8FDC-42A3-9474-1A3956D46DE8}") = "ITJakub.CardFile", "ITJakub.CardFile", "{E9E91BD8-38D8-4A14-8CC2-002292F7C355}"
EndProject
Project("{FAE04EC0-301F-11D3-BF4B-00C04F79EFBC}") = "ITJakub.CardFile.Core", "ITJakub.CardFile.Core\ITJakub.CardFile.Core.csproj", "{F00801BF-D6B2-4F6C-B808-68BABF177055}"
EndProject
Project("{2150E333-8FDC-42A3-9474-1A3956D46DE8}") = "Utils", "Utils", "{A3D22A1E-01F7-4491-802F-D4F5BF3BEFEB}"
EndProject
Project("{FAE04EC0-301F-11D3-BF4B-00C04F79EFBC}") = "ITJakub.SearchService", "ITJakub.SearchService\ITJakub.SearchService.csproj", "{A12068E9-19A4-45E4-924B-C9D509C6B950}"
EndProject
Project("{FAE04EC0-301F-11D3-BF4B-00C04F79EFBC}") = "ITJakub.ITJakubService", "ITJakub.ITJakubService\ITJakub.ITJakubService.csproj", "{AF3E2B33-A604-4A22-BA84-68FF447E266C}"
EndProject
Project("{FAE04EC0-301F-11D3-BF4B-00C04F79EFBC}") = "ITJakub.LemmatizationService", "ITJakub.LemmatizationService\ITJakub.LemmatizationService.csproj", "{6DF4DC1A-0BB9-4586-B427-651BD0BEF709}"
EndProject
Project("{FAE04EC0-301F-11D3-BF4B-00C04F79EFBC}") = "ITJakub.Core", "ITJakub.Core\ITJakub.Core.csproj", "{70D03DBB-CCF0-4A8F-A227-A9806FC5773D}"
EndProject
Project("{2150E333-8FDC-42A3-9474-1A3956D46DE8}") = "ITJakub.MainService", "ITJakub.MainService", "{5BB6E00C-DF4C-46DE-A1AA-D4433FD824BF}"
EndProject
Project("{2150E333-8FDC-42A3-9474-1A3956D46DE8}") = "ITJakub.Lemmatization", "ITJakub.Lemmatization", "{1E2AFC91-8173-47AC-B7D4-799C5BF555F6}"
EndProject
Project("{2150E333-8FDC-42A3-9474-1A3956D46DE8}") = "ITJakub.Clients", "ITJakub.Clients", "{53A1BA5E-DF69-4655-AB7B-3BBF58B426FD}"
EndProject
Project("{2150E333-8FDC-42A3-9474-1A3956D46DE8}") = "ITJakub.SearchService", "ITJakub.SearchService", "{03208FD7-4079-4AE7-8BC9-643C06A89967}"
EndProject
Project("{FAE04EC0-301F-11D3-BF4B-00C04F79EFBC}") = "ITJakub.Contracts", "ITJakub.Contracts\ITJakub.Contracts.csproj", "{9AD4D58F-3B7F-4D54-A8D6-170E2E32A13B}"
EndProject
Project("{FAE04EC0-301F-11D3-BF4B-00C04F79EFBC}") = "Jewelery", "Jewelery\Jewelery.csproj", "{246EADF4-905A-4FBD-B939-C88BDEFDC4A7}"
EndProject
Project("{FAE04EC0-301F-11D3-BF4B-00C04F79EFBC}") = "ITJakub.Xml", "ITJakub.Xml\ITJakub.Xml.csproj", "{C5A88432-F387-4732-9548-12BBFC4019EB}"
EndProject
Project("{FAE04EC0-301F-11D3-BF4B-00C04F79EFBC}") = "ITJakub.DataEntities", "ITJakub.DataEntities\ITJakub.DataEntities.csproj", "{36A4CA21-A99D-48D3-9DFF-76878CF1DE0C}"
EndProject
Project("{2150E333-8FDC-42A3-9474-1A3956D46DE8}") = "ITJakub.MobileApps", "ITJakub.MobileApps", "{600F24BC-C549-4154-852C-20426F962E25}"
EndProject
Project("{2150E333-8FDC-42A3-9474-1A3956D46DE8}") = "ITJakub.MobileApps.Server", "ITJakub.MobileApps.Server", "{E8C06B28-1F1A-4283-B17F-3E648D91C879}"
EndProject
Project("{2150E333-8FDC-42A3-9474-1A3956D46DE8}") = "ITJakub.MobileApps.Client", "ITJakub.MobileApps.Client", "{2047D77A-D751-4729-860B-B17B4A1E0728}"
EndProject
Project("{FAE04EC0-301F-11D3-BF4B-00C04F79EFBC}") = "ITJakub.MobileApps.Service", "ITJakub.MobileApps.Service\ITJakub.MobileApps.Service.csproj", "{F1034DE9-E00B-4EC6-8F87-45F25B45A67D}"
EndProject
Project("{FAE04EC0-301F-11D3-BF4B-00C04F79EFBC}") = "ITJakub.MobileApps.Core", "ITJakub.MobileApps.Core\ITJakub.MobileApps.Core.csproj", "{3E038D2A-CAD9-4D45-AFFF-688EB1BB5AA2}"
EndProject
Project("{FAE04EC0-301F-11D3-BF4B-00C04F79EFBC}") = "ITJakub.MobileApps.DataEntities", "ITJakub.MobileApps.DataEntities\ITJakub.MobileApps.DataEntities.csproj", "{8E467186-0805-4652-9319-98F6619492F8}"
EndProject
Project("{CC5FD16D-436D-48AD-A40C-5A424C6E3E79}") = "ITJakub.MobileApps.Azure", "ITJakub.MobileApps.Azure\ITJakub.MobileApps.Azure.ccproj", "{685C5EE7-71D4-4D5C-A5FF-0E6A0003780B}"
EndProject
Project("{FAE04EC0-301F-11D3-BF4B-00C04F79EFBC}") = "ITJakub.MobileApps.Client.DataContracts", "ITJakub.MobileApps.Client.DataContracts\ITJakub.MobileApps.Client.DataContracts.csproj", "{A6F66019-70E7-4177-9389-554D1E73C437}"
EndProject
Project("{FAE04EC0-301F-11D3-BF4B-00C04F79EFBC}") = "ITJakub.MobileApps.Client.Core", "ITJakub.MobileApps.Client.Core\ITJakub.MobileApps.Client.Core.csproj", "{A6182390-8F74-4DE0-8F37-974D9321FB74}"
	ProjectSection(ProjectDependencies) = postProject
		{F1034DE9-E00B-4EC6-8F87-45F25B45A67D} = {F1034DE9-E00B-4EC6-8F87-45F25B45A67D}
	EndProjectSection
EndProject
Project("{FAE04EC0-301F-11D3-BF4B-00C04F79EFBC}") = "ITJakub.MobileApps.Client.MainApp", "ITJakub.MobileApps.Client.MainApp\ITJakub.MobileApps.Client.MainApp.csproj", "{D2F6CC21-5137-4353-B861-1FF505B34CB2}"
EndProject
Project("{FAE04EC0-301F-11D3-BF4B-00C04F79EFBC}") = "ITJakub.MobileApps.Client.Shared", "ITJakub.MobileApps.Client.Shared\ITJakub.MobileApps.Client.Shared.csproj", "{2009029F-A9B8-4A44-AC3D-A05C1E65E1E1}"
EndProject
Project("{FAE04EC0-301F-11D3-BF4B-00C04F79EFBC}") = "ITJakub.MobileApps.Client.SampleApp", "ITJakub.MobileApps.Client.SampleApp\ITJakub.MobileApps.Client.SampleApp.csproj", "{1478B0C2-F435-44BE-9EBA-D33B78B88596}"
EndProject
Project("{FAE04EC0-301F-11D3-BF4B-00C04F79EFBC}") = "ITJakub.MobileApps.Client.Chat", "ITJakub.MobileApps.Client.Chat\ITJakub.MobileApps.Client.Chat.csproj", "{0326FA0C-8278-43AF-8E76-E690FB9428CD}"
EndProject
Project("{FAE04EC0-301F-11D3-BF4B-00C04F79EFBC}") = "ITJakub.MobileApps.Client.Hangman", "ITJakub.MobileApps.Client.Hangman\ITJakub.MobileApps.Client.Hangman.csproj", "{83410335-C9DE-416F-8AB8-D94CB1933FFC}"
EndProject
Project("{FAE04EC0-301F-11D3-BF4B-00C04F79EFBC}") = "ITJakub.MobileApps.Configuration", "ITJakub.MobileApps.Configuration\ITJakub.MobileApps.Configuration.csproj", "{7A5C997B-0795-43AA-9C21-C65D8A25821C}"
EndProject
Project("{2150E333-8FDC-42A3-9474-1A3956D46DE8}") = ".nuget", ".nuget", "{A9354BBF-68D1-497A-979C-4D677868DD6A}"
	ProjectSection(SolutionItems) = preProject
		.nuget\NuGet.Config = .nuget\NuGet.Config
		.nuget\NuGet.exe = .nuget\NuGet.exe
		.nuget\NuGet.targets = .nuget\NuGet.targets
	EndProjectSection
EndProject
Project("{FAE04EC0-301F-11D3-BF4B-00C04F79EFBC}") = "ITJakub.MobileApps.DataContracts", "ITJakub.MobileApps.DataContracts\ITJakub.MobileApps.DataContracts.csproj", "{90F9D8DD-05D5-401F-8939-BD619ADF5CDD}"
EndProject
Project("{FAE04EC0-301F-11D3-BF4B-00C04F79EFBC}") = "ITJakub.MobileApps.Client.Crosswords", "ITJakub.MobileApps.Client.Crosswords\ITJakub.MobileApps.Client.Crosswords.csproj", "{9754F9BD-7148-4600-8A98-C39B4073FE4D}"
EndProject
Global
	GlobalSection(SolutionConfigurationPlatforms) = preSolution
		Debug|Any CPU = Debug|Any CPU
		Debug|ARM = Debug|ARM
		Debug|Mixed Platforms = Debug|Mixed Platforms
		Debug|x64 = Debug|x64
		Debug|x86 = Debug|x86
		Release|Any CPU = Release|Any CPU
		Release|ARM = Release|ARM
		Release|Mixed Platforms = Release|Mixed Platforms
		Release|x64 = Release|x64
		Release|x86 = Release|x86
	EndGlobalSection
	GlobalSection(ProjectConfigurationPlatforms) = postSolution
		{45118A71-641D-4A5F-8E92-57B4972B19B5}.Debug|Any CPU.ActiveCfg = Debug|Any CPU
		{45118A71-641D-4A5F-8E92-57B4972B19B5}.Debug|Any CPU.Build.0 = Debug|Any CPU
		{45118A71-641D-4A5F-8E92-57B4972B19B5}.Debug|ARM.ActiveCfg = Debug|Any CPU
		{45118A71-641D-4A5F-8E92-57B4972B19B5}.Debug|Mixed Platforms.ActiveCfg = Debug|Any CPU
		{45118A71-641D-4A5F-8E92-57B4972B19B5}.Debug|Mixed Platforms.Build.0 = Debug|Any CPU
		{45118A71-641D-4A5F-8E92-57B4972B19B5}.Debug|x64.ActiveCfg = Debug|Any CPU
		{45118A71-641D-4A5F-8E92-57B4972B19B5}.Debug|x86.ActiveCfg = Debug|Any CPU
		{45118A71-641D-4A5F-8E92-57B4972B19B5}.Release|Any CPU.ActiveCfg = Release|Any CPU
		{45118A71-641D-4A5F-8E92-57B4972B19B5}.Release|Any CPU.Build.0 = Release|Any CPU
		{45118A71-641D-4A5F-8E92-57B4972B19B5}.Release|ARM.ActiveCfg = Release|Any CPU
		{45118A71-641D-4A5F-8E92-57B4972B19B5}.Release|Mixed Platforms.ActiveCfg = Release|Any CPU
		{45118A71-641D-4A5F-8E92-57B4972B19B5}.Release|Mixed Platforms.Build.0 = Release|Any CPU
		{45118A71-641D-4A5F-8E92-57B4972B19B5}.Release|x64.ActiveCfg = Release|Any CPU
		{45118A71-641D-4A5F-8E92-57B4972B19B5}.Release|x86.ActiveCfg = Release|Any CPU
		{F00801BF-D6B2-4F6C-B808-68BABF177055}.Debug|Any CPU.ActiveCfg = Debug|Any CPU
		{F00801BF-D6B2-4F6C-B808-68BABF177055}.Debug|Any CPU.Build.0 = Debug|Any CPU
		{F00801BF-D6B2-4F6C-B808-68BABF177055}.Debug|ARM.ActiveCfg = Debug|Any CPU
		{F00801BF-D6B2-4F6C-B808-68BABF177055}.Debug|Mixed Platforms.ActiveCfg = Debug|Any CPU
		{F00801BF-D6B2-4F6C-B808-68BABF177055}.Debug|Mixed Platforms.Build.0 = Debug|Any CPU
		{F00801BF-D6B2-4F6C-B808-68BABF177055}.Debug|x64.ActiveCfg = Debug|Any CPU
		{F00801BF-D6B2-4F6C-B808-68BABF177055}.Debug|x86.ActiveCfg = Debug|Any CPU
		{F00801BF-D6B2-4F6C-B808-68BABF177055}.Release|Any CPU.ActiveCfg = Release|Any CPU
		{F00801BF-D6B2-4F6C-B808-68BABF177055}.Release|Any CPU.Build.0 = Release|Any CPU
		{F00801BF-D6B2-4F6C-B808-68BABF177055}.Release|ARM.ActiveCfg = Release|Any CPU
		{F00801BF-D6B2-4F6C-B808-68BABF177055}.Release|Mixed Platforms.ActiveCfg = Release|Any CPU
		{F00801BF-D6B2-4F6C-B808-68BABF177055}.Release|Mixed Platforms.Build.0 = Release|Any CPU
		{F00801BF-D6B2-4F6C-B808-68BABF177055}.Release|x64.ActiveCfg = Release|Any CPU
		{F00801BF-D6B2-4F6C-B808-68BABF177055}.Release|x86.ActiveCfg = Release|Any CPU
		{A12068E9-19A4-45E4-924B-C9D509C6B950}.Debug|Any CPU.ActiveCfg = Debug|Any CPU
		{A12068E9-19A4-45E4-924B-C9D509C6B950}.Debug|Any CPU.Build.0 = Debug|Any CPU
		{A12068E9-19A4-45E4-924B-C9D509C6B950}.Debug|ARM.ActiveCfg = Debug|Any CPU
		{A12068E9-19A4-45E4-924B-C9D509C6B950}.Debug|Mixed Platforms.ActiveCfg = Debug|Any CPU
		{A12068E9-19A4-45E4-924B-C9D509C6B950}.Debug|Mixed Platforms.Build.0 = Debug|Any CPU
		{A12068E9-19A4-45E4-924B-C9D509C6B950}.Debug|x64.ActiveCfg = Debug|Any CPU
		{A12068E9-19A4-45E4-924B-C9D509C6B950}.Debug|x86.ActiveCfg = Debug|Any CPU
		{A12068E9-19A4-45E4-924B-C9D509C6B950}.Release|Any CPU.ActiveCfg = Release|Any CPU
		{A12068E9-19A4-45E4-924B-C9D509C6B950}.Release|Any CPU.Build.0 = Release|Any CPU
		{A12068E9-19A4-45E4-924B-C9D509C6B950}.Release|ARM.ActiveCfg = Release|Any CPU
		{A12068E9-19A4-45E4-924B-C9D509C6B950}.Release|Mixed Platforms.ActiveCfg = Release|Any CPU
		{A12068E9-19A4-45E4-924B-C9D509C6B950}.Release|Mixed Platforms.Build.0 = Release|Any CPU
		{A12068E9-19A4-45E4-924B-C9D509C6B950}.Release|x64.ActiveCfg = Release|Any CPU
		{A12068E9-19A4-45E4-924B-C9D509C6B950}.Release|x86.ActiveCfg = Release|Any CPU
		{AF3E2B33-A604-4A22-BA84-68FF447E266C}.Debug|Any CPU.ActiveCfg = Debug|Any CPU
		{AF3E2B33-A604-4A22-BA84-68FF447E266C}.Debug|Any CPU.Build.0 = Debug|Any CPU
		{AF3E2B33-A604-4A22-BA84-68FF447E266C}.Debug|ARM.ActiveCfg = Debug|Any CPU
		{AF3E2B33-A604-4A22-BA84-68FF447E266C}.Debug|Mixed Platforms.ActiveCfg = Debug|Any CPU
		{AF3E2B33-A604-4A22-BA84-68FF447E266C}.Debug|Mixed Platforms.Build.0 = Debug|Any CPU
		{AF3E2B33-A604-4A22-BA84-68FF447E266C}.Debug|x64.ActiveCfg = Debug|Any CPU
		{AF3E2B33-A604-4A22-BA84-68FF447E266C}.Debug|x86.ActiveCfg = Debug|Any CPU
		{AF3E2B33-A604-4A22-BA84-68FF447E266C}.Release|Any CPU.ActiveCfg = Release|Any CPU
		{AF3E2B33-A604-4A22-BA84-68FF447E266C}.Release|Any CPU.Build.0 = Release|Any CPU
		{AF3E2B33-A604-4A22-BA84-68FF447E266C}.Release|ARM.ActiveCfg = Release|Any CPU
		{AF3E2B33-A604-4A22-BA84-68FF447E266C}.Release|Mixed Platforms.ActiveCfg = Release|Any CPU
		{AF3E2B33-A604-4A22-BA84-68FF447E266C}.Release|Mixed Platforms.Build.0 = Release|Any CPU
		{AF3E2B33-A604-4A22-BA84-68FF447E266C}.Release|x64.ActiveCfg = Release|Any CPU
		{AF3E2B33-A604-4A22-BA84-68FF447E266C}.Release|x86.ActiveCfg = Release|Any CPU
		{6DF4DC1A-0BB9-4586-B427-651BD0BEF709}.Debug|Any CPU.ActiveCfg = Debug|Any CPU
		{6DF4DC1A-0BB9-4586-B427-651BD0BEF709}.Debug|Any CPU.Build.0 = Debug|Any CPU
		{6DF4DC1A-0BB9-4586-B427-651BD0BEF709}.Debug|ARM.ActiveCfg = Debug|Any CPU
		{6DF4DC1A-0BB9-4586-B427-651BD0BEF709}.Debug|Mixed Platforms.ActiveCfg = Debug|Any CPU
		{6DF4DC1A-0BB9-4586-B427-651BD0BEF709}.Debug|Mixed Platforms.Build.0 = Debug|Any CPU
		{6DF4DC1A-0BB9-4586-B427-651BD0BEF709}.Debug|x64.ActiveCfg = Debug|Any CPU
		{6DF4DC1A-0BB9-4586-B427-651BD0BEF709}.Debug|x86.ActiveCfg = Debug|Any CPU
		{6DF4DC1A-0BB9-4586-B427-651BD0BEF709}.Release|Any CPU.ActiveCfg = Release|Any CPU
		{6DF4DC1A-0BB9-4586-B427-651BD0BEF709}.Release|Any CPU.Build.0 = Release|Any CPU
		{6DF4DC1A-0BB9-4586-B427-651BD0BEF709}.Release|ARM.ActiveCfg = Release|Any CPU
		{6DF4DC1A-0BB9-4586-B427-651BD0BEF709}.Release|Mixed Platforms.ActiveCfg = Release|Any CPU
		{6DF4DC1A-0BB9-4586-B427-651BD0BEF709}.Release|Mixed Platforms.Build.0 = Release|Any CPU
		{6DF4DC1A-0BB9-4586-B427-651BD0BEF709}.Release|x64.ActiveCfg = Release|Any CPU
		{6DF4DC1A-0BB9-4586-B427-651BD0BEF709}.Release|x86.ActiveCfg = Release|Any CPU
		{70D03DBB-CCF0-4A8F-A227-A9806FC5773D}.Debug|Any CPU.ActiveCfg = Debug|Any CPU
		{70D03DBB-CCF0-4A8F-A227-A9806FC5773D}.Debug|Any CPU.Build.0 = Debug|Any CPU
		{70D03DBB-CCF0-4A8F-A227-A9806FC5773D}.Debug|ARM.ActiveCfg = Debug|Any CPU
		{70D03DBB-CCF0-4A8F-A227-A9806FC5773D}.Debug|Mixed Platforms.ActiveCfg = Debug|Any CPU
		{70D03DBB-CCF0-4A8F-A227-A9806FC5773D}.Debug|Mixed Platforms.Build.0 = Debug|Any CPU
		{70D03DBB-CCF0-4A8F-A227-A9806FC5773D}.Debug|x64.ActiveCfg = Debug|Any CPU
		{70D03DBB-CCF0-4A8F-A227-A9806FC5773D}.Debug|x86.ActiveCfg = Debug|Any CPU
		{70D03DBB-CCF0-4A8F-A227-A9806FC5773D}.Release|Any CPU.ActiveCfg = Release|Any CPU
		{70D03DBB-CCF0-4A8F-A227-A9806FC5773D}.Release|Any CPU.Build.0 = Release|Any CPU
		{70D03DBB-CCF0-4A8F-A227-A9806FC5773D}.Release|ARM.ActiveCfg = Release|Any CPU
		{70D03DBB-CCF0-4A8F-A227-A9806FC5773D}.Release|Mixed Platforms.ActiveCfg = Release|Any CPU
		{70D03DBB-CCF0-4A8F-A227-A9806FC5773D}.Release|Mixed Platforms.Build.0 = Release|Any CPU
		{70D03DBB-CCF0-4A8F-A227-A9806FC5773D}.Release|x64.ActiveCfg = Release|Any CPU
		{70D03DBB-CCF0-4A8F-A227-A9806FC5773D}.Release|x86.ActiveCfg = Release|Any CPU
		{9AD4D58F-3B7F-4D54-A8D6-170E2E32A13B}.Debug|Any CPU.ActiveCfg = Debug|Any CPU
		{9AD4D58F-3B7F-4D54-A8D6-170E2E32A13B}.Debug|Any CPU.Build.0 = Debug|Any CPU
		{9AD4D58F-3B7F-4D54-A8D6-170E2E32A13B}.Debug|ARM.ActiveCfg = Debug|Any CPU
		{9AD4D58F-3B7F-4D54-A8D6-170E2E32A13B}.Debug|Mixed Platforms.ActiveCfg = Debug|Any CPU
		{9AD4D58F-3B7F-4D54-A8D6-170E2E32A13B}.Debug|Mixed Platforms.Build.0 = Debug|Any CPU
		{9AD4D58F-3B7F-4D54-A8D6-170E2E32A13B}.Debug|x64.ActiveCfg = Debug|Any CPU
		{9AD4D58F-3B7F-4D54-A8D6-170E2E32A13B}.Debug|x86.ActiveCfg = Debug|Any CPU
		{9AD4D58F-3B7F-4D54-A8D6-170E2E32A13B}.Release|Any CPU.ActiveCfg = Release|Any CPU
		{9AD4D58F-3B7F-4D54-A8D6-170E2E32A13B}.Release|Any CPU.Build.0 = Release|Any CPU
		{9AD4D58F-3B7F-4D54-A8D6-170E2E32A13B}.Release|ARM.ActiveCfg = Release|Any CPU
		{9AD4D58F-3B7F-4D54-A8D6-170E2E32A13B}.Release|Mixed Platforms.ActiveCfg = Release|Any CPU
		{9AD4D58F-3B7F-4D54-A8D6-170E2E32A13B}.Release|Mixed Platforms.Build.0 = Release|Any CPU
		{9AD4D58F-3B7F-4D54-A8D6-170E2E32A13B}.Release|x64.ActiveCfg = Release|Any CPU
		{9AD4D58F-3B7F-4D54-A8D6-170E2E32A13B}.Release|x86.ActiveCfg = Release|Any CPU
		{246EADF4-905A-4FBD-B939-C88BDEFDC4A7}.Debug|Any CPU.ActiveCfg = Debug|Any CPU
		{246EADF4-905A-4FBD-B939-C88BDEFDC4A7}.Debug|Any CPU.Build.0 = Debug|Any CPU
		{246EADF4-905A-4FBD-B939-C88BDEFDC4A7}.Debug|ARM.ActiveCfg = Debug|Any CPU
		{246EADF4-905A-4FBD-B939-C88BDEFDC4A7}.Debug|Mixed Platforms.ActiveCfg = Debug|Any CPU
		{246EADF4-905A-4FBD-B939-C88BDEFDC4A7}.Debug|Mixed Platforms.Build.0 = Debug|Any CPU
		{246EADF4-905A-4FBD-B939-C88BDEFDC4A7}.Debug|x64.ActiveCfg = Debug|Any CPU
		{246EADF4-905A-4FBD-B939-C88BDEFDC4A7}.Debug|x86.ActiveCfg = Debug|Any CPU
		{246EADF4-905A-4FBD-B939-C88BDEFDC4A7}.Release|Any CPU.ActiveCfg = Release|Any CPU
		{246EADF4-905A-4FBD-B939-C88BDEFDC4A7}.Release|Any CPU.Build.0 = Release|Any CPU
		{246EADF4-905A-4FBD-B939-C88BDEFDC4A7}.Release|ARM.ActiveCfg = Release|Any CPU
		{246EADF4-905A-4FBD-B939-C88BDEFDC4A7}.Release|Mixed Platforms.ActiveCfg = Release|Any CPU
		{246EADF4-905A-4FBD-B939-C88BDEFDC4A7}.Release|Mixed Platforms.Build.0 = Release|Any CPU
		{246EADF4-905A-4FBD-B939-C88BDEFDC4A7}.Release|x64.ActiveCfg = Release|Any CPU
		{246EADF4-905A-4FBD-B939-C88BDEFDC4A7}.Release|x86.ActiveCfg = Release|Any CPU
		{C5A88432-F387-4732-9548-12BBFC4019EB}.Debug|Any CPU.ActiveCfg = Debug|Any CPU
		{C5A88432-F387-4732-9548-12BBFC4019EB}.Debug|Any CPU.Build.0 = Debug|Any CPU
		{C5A88432-F387-4732-9548-12BBFC4019EB}.Debug|ARM.ActiveCfg = Debug|Any CPU
		{C5A88432-F387-4732-9548-12BBFC4019EB}.Debug|Mixed Platforms.ActiveCfg = Debug|Any CPU
		{C5A88432-F387-4732-9548-12BBFC4019EB}.Debug|Mixed Platforms.Build.0 = Debug|Any CPU
		{C5A88432-F387-4732-9548-12BBFC4019EB}.Debug|x64.ActiveCfg = Debug|Any CPU
		{C5A88432-F387-4732-9548-12BBFC4019EB}.Debug|x86.ActiveCfg = Debug|Any CPU
		{C5A88432-F387-4732-9548-12BBFC4019EB}.Release|Any CPU.ActiveCfg = Release|Any CPU
		{C5A88432-F387-4732-9548-12BBFC4019EB}.Release|Any CPU.Build.0 = Release|Any CPU
		{C5A88432-F387-4732-9548-12BBFC4019EB}.Release|ARM.ActiveCfg = Release|Any CPU
		{C5A88432-F387-4732-9548-12BBFC4019EB}.Release|Mixed Platforms.ActiveCfg = Release|Any CPU
		{C5A88432-F387-4732-9548-12BBFC4019EB}.Release|Mixed Platforms.Build.0 = Release|Any CPU
		{C5A88432-F387-4732-9548-12BBFC4019EB}.Release|x64.ActiveCfg = Release|Any CPU
		{C5A88432-F387-4732-9548-12BBFC4019EB}.Release|x86.ActiveCfg = Release|Any CPU
		{36A4CA21-A99D-48D3-9DFF-76878CF1DE0C}.Debug|Any CPU.ActiveCfg = Debug|Any CPU
		{36A4CA21-A99D-48D3-9DFF-76878CF1DE0C}.Debug|Any CPU.Build.0 = Debug|Any CPU
		{36A4CA21-A99D-48D3-9DFF-76878CF1DE0C}.Debug|ARM.ActiveCfg = Debug|Any CPU
		{36A4CA21-A99D-48D3-9DFF-76878CF1DE0C}.Debug|Mixed Platforms.ActiveCfg = Debug|Any CPU
		{36A4CA21-A99D-48D3-9DFF-76878CF1DE0C}.Debug|Mixed Platforms.Build.0 = Debug|Any CPU
		{36A4CA21-A99D-48D3-9DFF-76878CF1DE0C}.Debug|x64.ActiveCfg = Debug|Any CPU
		{36A4CA21-A99D-48D3-9DFF-76878CF1DE0C}.Debug|x86.ActiveCfg = Debug|Any CPU
		{36A4CA21-A99D-48D3-9DFF-76878CF1DE0C}.Release|Any CPU.ActiveCfg = Release|Any CPU
		{36A4CA21-A99D-48D3-9DFF-76878CF1DE0C}.Release|Any CPU.Build.0 = Release|Any CPU
		{36A4CA21-A99D-48D3-9DFF-76878CF1DE0C}.Release|ARM.ActiveCfg = Release|Any CPU
		{36A4CA21-A99D-48D3-9DFF-76878CF1DE0C}.Release|Mixed Platforms.ActiveCfg = Release|Any CPU
		{36A4CA21-A99D-48D3-9DFF-76878CF1DE0C}.Release|Mixed Platforms.Build.0 = Release|Any CPU
		{36A4CA21-A99D-48D3-9DFF-76878CF1DE0C}.Release|x64.ActiveCfg = Release|Any CPU
		{36A4CA21-A99D-48D3-9DFF-76878CF1DE0C}.Release|x86.ActiveCfg = Release|Any CPU
		{F1034DE9-E00B-4EC6-8F87-45F25B45A67D}.Debug|Any CPU.ActiveCfg = Debug|Any CPU
		{F1034DE9-E00B-4EC6-8F87-45F25B45A67D}.Debug|Any CPU.Build.0 = Debug|Any CPU
		{F1034DE9-E00B-4EC6-8F87-45F25B45A67D}.Debug|ARM.ActiveCfg = Debug|Any CPU
		{F1034DE9-E00B-4EC6-8F87-45F25B45A67D}.Debug|Mixed Platforms.ActiveCfg = Debug|Any CPU
		{F1034DE9-E00B-4EC6-8F87-45F25B45A67D}.Debug|Mixed Platforms.Build.0 = Debug|Any CPU
		{F1034DE9-E00B-4EC6-8F87-45F25B45A67D}.Debug|x64.ActiveCfg = Debug|Any CPU
		{F1034DE9-E00B-4EC6-8F87-45F25B45A67D}.Debug|x86.ActiveCfg = Debug|Any CPU
		{F1034DE9-E00B-4EC6-8F87-45F25B45A67D}.Release|Any CPU.ActiveCfg = Release|Any CPU
		{F1034DE9-E00B-4EC6-8F87-45F25B45A67D}.Release|Any CPU.Build.0 = Release|Any CPU
		{F1034DE9-E00B-4EC6-8F87-45F25B45A67D}.Release|ARM.ActiveCfg = Release|Any CPU
		{F1034DE9-E00B-4EC6-8F87-45F25B45A67D}.Release|Mixed Platforms.ActiveCfg = Release|Any CPU
		{F1034DE9-E00B-4EC6-8F87-45F25B45A67D}.Release|Mixed Platforms.Build.0 = Release|Any CPU
		{F1034DE9-E00B-4EC6-8F87-45F25B45A67D}.Release|x64.ActiveCfg = Release|Any CPU
		{F1034DE9-E00B-4EC6-8F87-45F25B45A67D}.Release|x86.ActiveCfg = Release|Any CPU
		{3E038D2A-CAD9-4D45-AFFF-688EB1BB5AA2}.Debug|Any CPU.ActiveCfg = Debug|Any CPU
		{3E038D2A-CAD9-4D45-AFFF-688EB1BB5AA2}.Debug|Any CPU.Build.0 = Debug|Any CPU
		{3E038D2A-CAD9-4D45-AFFF-688EB1BB5AA2}.Debug|ARM.ActiveCfg = Debug|Any CPU
		{3E038D2A-CAD9-4D45-AFFF-688EB1BB5AA2}.Debug|Mixed Platforms.ActiveCfg = Debug|Any CPU
		{3E038D2A-CAD9-4D45-AFFF-688EB1BB5AA2}.Debug|Mixed Platforms.Build.0 = Debug|Any CPU
		{3E038D2A-CAD9-4D45-AFFF-688EB1BB5AA2}.Debug|x64.ActiveCfg = Debug|Any CPU
		{3E038D2A-CAD9-4D45-AFFF-688EB1BB5AA2}.Debug|x86.ActiveCfg = Debug|Any CPU
		{3E038D2A-CAD9-4D45-AFFF-688EB1BB5AA2}.Release|Any CPU.ActiveCfg = Release|Any CPU
		{3E038D2A-CAD9-4D45-AFFF-688EB1BB5AA2}.Release|Any CPU.Build.0 = Release|Any CPU
		{3E038D2A-CAD9-4D45-AFFF-688EB1BB5AA2}.Release|ARM.ActiveCfg = Release|Any CPU
		{3E038D2A-CAD9-4D45-AFFF-688EB1BB5AA2}.Release|Mixed Platforms.ActiveCfg = Release|Any CPU
		{3E038D2A-CAD9-4D45-AFFF-688EB1BB5AA2}.Release|Mixed Platforms.Build.0 = Release|Any CPU
		{3E038D2A-CAD9-4D45-AFFF-688EB1BB5AA2}.Release|x64.ActiveCfg = Release|Any CPU
		{3E038D2A-CAD9-4D45-AFFF-688EB1BB5AA2}.Release|x86.ActiveCfg = Release|Any CPU
		{8E467186-0805-4652-9319-98F6619492F8}.Debug|Any CPU.ActiveCfg = Debug|Any CPU
		{8E467186-0805-4652-9319-98F6619492F8}.Debug|ARM.ActiveCfg = Debug|Any CPU
		{8E467186-0805-4652-9319-98F6619492F8}.Debug|Mixed Platforms.ActiveCfg = Debug|Any CPU
		{8E467186-0805-4652-9319-98F6619492F8}.Debug|Mixed Platforms.Build.0 = Debug|Any CPU
		{8E467186-0805-4652-9319-98F6619492F8}.Debug|x64.ActiveCfg = Debug|Any CPU
		{8E467186-0805-4652-9319-98F6619492F8}.Debug|x86.ActiveCfg = Debug|Any CPU
		{8E467186-0805-4652-9319-98F6619492F8}.Release|Any CPU.ActiveCfg = Release|Any CPU
		{8E467186-0805-4652-9319-98F6619492F8}.Release|Any CPU.Build.0 = Release|Any CPU
		{8E467186-0805-4652-9319-98F6619492F8}.Release|ARM.ActiveCfg = Release|Any CPU
		{8E467186-0805-4652-9319-98F6619492F8}.Release|Mixed Platforms.ActiveCfg = Release|Any CPU
		{8E467186-0805-4652-9319-98F6619492F8}.Release|Mixed Platforms.Build.0 = Release|Any CPU
		{8E467186-0805-4652-9319-98F6619492F8}.Release|x64.ActiveCfg = Release|Any CPU
		{8E467186-0805-4652-9319-98F6619492F8}.Release|x86.ActiveCfg = Release|Any CPU
		{685C5EE7-71D4-4D5C-A5FF-0E6A0003780B}.Debug|Any CPU.ActiveCfg = Debug|Any CPU
		{685C5EE7-71D4-4D5C-A5FF-0E6A0003780B}.Debug|Any CPU.Build.0 = Debug|Any CPU
		{685C5EE7-71D4-4D5C-A5FF-0E6A0003780B}.Debug|ARM.ActiveCfg = Debug|Any CPU
		{685C5EE7-71D4-4D5C-A5FF-0E6A0003780B}.Debug|Mixed Platforms.ActiveCfg = Debug|Any CPU
		{685C5EE7-71D4-4D5C-A5FF-0E6A0003780B}.Debug|Mixed Platforms.Build.0 = Debug|Any CPU
		{685C5EE7-71D4-4D5C-A5FF-0E6A0003780B}.Debug|x64.ActiveCfg = Debug|Any CPU
		{685C5EE7-71D4-4D5C-A5FF-0E6A0003780B}.Debug|x86.ActiveCfg = Debug|Any CPU
		{685C5EE7-71D4-4D5C-A5FF-0E6A0003780B}.Release|Any CPU.ActiveCfg = Release|Any CPU
		{685C5EE7-71D4-4D5C-A5FF-0E6A0003780B}.Release|Any CPU.Build.0 = Release|Any CPU
		{685C5EE7-71D4-4D5C-A5FF-0E6A0003780B}.Release|ARM.ActiveCfg = Release|Any CPU
		{685C5EE7-71D4-4D5C-A5FF-0E6A0003780B}.Release|Mixed Platforms.ActiveCfg = Release|Any CPU
		{685C5EE7-71D4-4D5C-A5FF-0E6A0003780B}.Release|Mixed Platforms.Build.0 = Release|Any CPU
		{685C5EE7-71D4-4D5C-A5FF-0E6A0003780B}.Release|x64.ActiveCfg = Release|Any CPU
		{685C5EE7-71D4-4D5C-A5FF-0E6A0003780B}.Release|x86.ActiveCfg = Release|Any CPU
		{A6F66019-70E7-4177-9389-554D1E73C437}.Debug|Any CPU.ActiveCfg = Debug|Any CPU
		{A6F66019-70E7-4177-9389-554D1E73C437}.Debug|Any CPU.Build.0 = Debug|Any CPU
		{A6F66019-70E7-4177-9389-554D1E73C437}.Debug|ARM.ActiveCfg = Debug|Any CPU
		{A6F66019-70E7-4177-9389-554D1E73C437}.Debug|Mixed Platforms.ActiveCfg = Debug|Any CPU
		{A6F66019-70E7-4177-9389-554D1E73C437}.Debug|Mixed Platforms.Build.0 = Debug|Any CPU
		{A6F66019-70E7-4177-9389-554D1E73C437}.Debug|x64.ActiveCfg = Debug|Any CPU
		{A6F66019-70E7-4177-9389-554D1E73C437}.Debug|x86.ActiveCfg = Debug|Any CPU
		{A6F66019-70E7-4177-9389-554D1E73C437}.Release|Any CPU.ActiveCfg = Release|Any CPU
		{A6F66019-70E7-4177-9389-554D1E73C437}.Release|Any CPU.Build.0 = Release|Any CPU
		{A6F66019-70E7-4177-9389-554D1E73C437}.Release|ARM.ActiveCfg = Release|Any CPU
		{A6F66019-70E7-4177-9389-554D1E73C437}.Release|Mixed Platforms.ActiveCfg = Release|Any CPU
		{A6F66019-70E7-4177-9389-554D1E73C437}.Release|Mixed Platforms.Build.0 = Release|Any CPU
		{A6F66019-70E7-4177-9389-554D1E73C437}.Release|x64.ActiveCfg = Release|Any CPU
		{A6F66019-70E7-4177-9389-554D1E73C437}.Release|x86.ActiveCfg = Release|Any CPU
		{A6182390-8F74-4DE0-8F37-974D9321FB74}.Debug|Any CPU.ActiveCfg = Debug|Any CPU
		{A6182390-8F74-4DE0-8F37-974D9321FB74}.Debug|Any CPU.Build.0 = Debug|Any CPU
		{A6182390-8F74-4DE0-8F37-974D9321FB74}.Debug|ARM.ActiveCfg = Debug|ARM
		{A6182390-8F74-4DE0-8F37-974D9321FB74}.Debug|ARM.Build.0 = Debug|ARM
		{A6182390-8F74-4DE0-8F37-974D9321FB74}.Debug|Mixed Platforms.ActiveCfg = Debug|x86
		{A6182390-8F74-4DE0-8F37-974D9321FB74}.Debug|Mixed Platforms.Build.0 = Debug|x86
		{A6182390-8F74-4DE0-8F37-974D9321FB74}.Debug|x64.ActiveCfg = Debug|x64
		{A6182390-8F74-4DE0-8F37-974D9321FB74}.Debug|x64.Build.0 = Debug|x64
		{A6182390-8F74-4DE0-8F37-974D9321FB74}.Debug|x86.ActiveCfg = Debug|x86
		{A6182390-8F74-4DE0-8F37-974D9321FB74}.Debug|x86.Build.0 = Debug|x86
		{A6182390-8F74-4DE0-8F37-974D9321FB74}.Release|Any CPU.ActiveCfg = Release|Any CPU
		{A6182390-8F74-4DE0-8F37-974D9321FB74}.Release|Any CPU.Build.0 = Release|Any CPU
		{A6182390-8F74-4DE0-8F37-974D9321FB74}.Release|ARM.ActiveCfg = Release|ARM
		{A6182390-8F74-4DE0-8F37-974D9321FB74}.Release|ARM.Build.0 = Release|ARM
		{A6182390-8F74-4DE0-8F37-974D9321FB74}.Release|Mixed Platforms.ActiveCfg = Release|x86
		{A6182390-8F74-4DE0-8F37-974D9321FB74}.Release|Mixed Platforms.Build.0 = Release|x86
		{A6182390-8F74-4DE0-8F37-974D9321FB74}.Release|x64.ActiveCfg = Release|x64
		{A6182390-8F74-4DE0-8F37-974D9321FB74}.Release|x64.Build.0 = Release|x64
		{A6182390-8F74-4DE0-8F37-974D9321FB74}.Release|x86.ActiveCfg = Release|x86
		{A6182390-8F74-4DE0-8F37-974D9321FB74}.Release|x86.Build.0 = Release|x86
		{D2F6CC21-5137-4353-B861-1FF505B34CB2}.Debug|Any CPU.ActiveCfg = Debug|Any CPU
		{D2F6CC21-5137-4353-B861-1FF505B34CB2}.Debug|Any CPU.Build.0 = Debug|Any CPU
		{D2F6CC21-5137-4353-B861-1FF505B34CB2}.Debug|Any CPU.Deploy.0 = Debug|Any CPU
		{D2F6CC21-5137-4353-B861-1FF505B34CB2}.Debug|ARM.ActiveCfg = Debug|ARM
		{D2F6CC21-5137-4353-B861-1FF505B34CB2}.Debug|ARM.Build.0 = Debug|ARM
		{D2F6CC21-5137-4353-B861-1FF505B34CB2}.Debug|ARM.Deploy.0 = Debug|ARM
		{D2F6CC21-5137-4353-B861-1FF505B34CB2}.Debug|Mixed Platforms.ActiveCfg = Debug|x86
		{D2F6CC21-5137-4353-B861-1FF505B34CB2}.Debug|Mixed Platforms.Build.0 = Debug|x86
		{D2F6CC21-5137-4353-B861-1FF505B34CB2}.Debug|Mixed Platforms.Deploy.0 = Debug|x86
		{D2F6CC21-5137-4353-B861-1FF505B34CB2}.Debug|x64.ActiveCfg = Debug|x64
		{D2F6CC21-5137-4353-B861-1FF505B34CB2}.Debug|x64.Build.0 = Debug|x64
		{D2F6CC21-5137-4353-B861-1FF505B34CB2}.Debug|x64.Deploy.0 = Debug|x64
		{D2F6CC21-5137-4353-B861-1FF505B34CB2}.Debug|x86.ActiveCfg = Debug|x86
		{D2F6CC21-5137-4353-B861-1FF505B34CB2}.Debug|x86.Build.0 = Debug|x86
		{D2F6CC21-5137-4353-B861-1FF505B34CB2}.Debug|x86.Deploy.0 = Debug|x86
		{D2F6CC21-5137-4353-B861-1FF505B34CB2}.Release|Any CPU.ActiveCfg = Release|Any CPU
		{D2F6CC21-5137-4353-B861-1FF505B34CB2}.Release|Any CPU.Build.0 = Release|Any CPU
		{D2F6CC21-5137-4353-B861-1FF505B34CB2}.Release|Any CPU.Deploy.0 = Release|Any CPU
		{D2F6CC21-5137-4353-B861-1FF505B34CB2}.Release|ARM.ActiveCfg = Release|ARM
		{D2F6CC21-5137-4353-B861-1FF505B34CB2}.Release|ARM.Build.0 = Release|ARM
		{D2F6CC21-5137-4353-B861-1FF505B34CB2}.Release|ARM.Deploy.0 = Release|ARM
		{D2F6CC21-5137-4353-B861-1FF505B34CB2}.Release|Mixed Platforms.ActiveCfg = Release|x86
		{D2F6CC21-5137-4353-B861-1FF505B34CB2}.Release|Mixed Platforms.Build.0 = Release|x86
		{D2F6CC21-5137-4353-B861-1FF505B34CB2}.Release|Mixed Platforms.Deploy.0 = Release|x86
		{D2F6CC21-5137-4353-B861-1FF505B34CB2}.Release|x64.ActiveCfg = Release|x64
		{D2F6CC21-5137-4353-B861-1FF505B34CB2}.Release|x64.Build.0 = Release|x64
		{D2F6CC21-5137-4353-B861-1FF505B34CB2}.Release|x64.Deploy.0 = Release|x64
		{D2F6CC21-5137-4353-B861-1FF505B34CB2}.Release|x86.ActiveCfg = Release|x86
		{D2F6CC21-5137-4353-B861-1FF505B34CB2}.Release|x86.Build.0 = Release|x86
		{D2F6CC21-5137-4353-B861-1FF505B34CB2}.Release|x86.Deploy.0 = Release|x86
		{2009029F-A9B8-4A44-AC3D-A05C1E65E1E1}.Debug|Any CPU.ActiveCfg = Debug|Any CPU
		{2009029F-A9B8-4A44-AC3D-A05C1E65E1E1}.Debug|Any CPU.Build.0 = Debug|Any CPU
		{2009029F-A9B8-4A44-AC3D-A05C1E65E1E1}.Debug|ARM.ActiveCfg = Debug|ARM
		{2009029F-A9B8-4A44-AC3D-A05C1E65E1E1}.Debug|ARM.Build.0 = Debug|ARM
		{2009029F-A9B8-4A44-AC3D-A05C1E65E1E1}.Debug|Mixed Platforms.ActiveCfg = Debug|x86
		{2009029F-A9B8-4A44-AC3D-A05C1E65E1E1}.Debug|Mixed Platforms.Build.0 = Debug|x86
		{2009029F-A9B8-4A44-AC3D-A05C1E65E1E1}.Debug|x64.ActiveCfg = Debug|x64
		{2009029F-A9B8-4A44-AC3D-A05C1E65E1E1}.Debug|x64.Build.0 = Debug|x64
		{2009029F-A9B8-4A44-AC3D-A05C1E65E1E1}.Debug|x86.ActiveCfg = Debug|x86
		{2009029F-A9B8-4A44-AC3D-A05C1E65E1E1}.Debug|x86.Build.0 = Debug|x86
		{2009029F-A9B8-4A44-AC3D-A05C1E65E1E1}.Release|Any CPU.ActiveCfg = Release|Any CPU
		{2009029F-A9B8-4A44-AC3D-A05C1E65E1E1}.Release|Any CPU.Build.0 = Release|Any CPU
		{2009029F-A9B8-4A44-AC3D-A05C1E65E1E1}.Release|ARM.ActiveCfg = Release|ARM
		{2009029F-A9B8-4A44-AC3D-A05C1E65E1E1}.Release|ARM.Build.0 = Release|ARM
		{2009029F-A9B8-4A44-AC3D-A05C1E65E1E1}.Release|Mixed Platforms.ActiveCfg = Release|x86
		{2009029F-A9B8-4A44-AC3D-A05C1E65E1E1}.Release|Mixed Platforms.Build.0 = Release|x86
		{2009029F-A9B8-4A44-AC3D-A05C1E65E1E1}.Release|x64.ActiveCfg = Release|x64
		{2009029F-A9B8-4A44-AC3D-A05C1E65E1E1}.Release|x64.Build.0 = Release|x64
		{2009029F-A9B8-4A44-AC3D-A05C1E65E1E1}.Release|x86.ActiveCfg = Release|x86
		{2009029F-A9B8-4A44-AC3D-A05C1E65E1E1}.Release|x86.Build.0 = Release|x86
		{1478B0C2-F435-44BE-9EBA-D33B78B88596}.Debug|Any CPU.ActiveCfg = Debug|Any CPU
		{1478B0C2-F435-44BE-9EBA-D33B78B88596}.Debug|Any CPU.Build.0 = Debug|Any CPU
		{1478B0C2-F435-44BE-9EBA-D33B78B88596}.Debug|ARM.ActiveCfg = Debug|ARM
		{1478B0C2-F435-44BE-9EBA-D33B78B88596}.Debug|ARM.Build.0 = Debug|ARM
		{1478B0C2-F435-44BE-9EBA-D33B78B88596}.Debug|Mixed Platforms.ActiveCfg = Debug|x86
		{1478B0C2-F435-44BE-9EBA-D33B78B88596}.Debug|Mixed Platforms.Build.0 = Debug|x86
		{1478B0C2-F435-44BE-9EBA-D33B78B88596}.Debug|x64.ActiveCfg = Debug|x64
		{1478B0C2-F435-44BE-9EBA-D33B78B88596}.Debug|x64.Build.0 = Debug|x64
		{1478B0C2-F435-44BE-9EBA-D33B78B88596}.Debug|x86.ActiveCfg = Debug|x86
		{1478B0C2-F435-44BE-9EBA-D33B78B88596}.Debug|x86.Build.0 = Debug|x86
		{1478B0C2-F435-44BE-9EBA-D33B78B88596}.Release|Any CPU.ActiveCfg = Release|Any CPU
		{1478B0C2-F435-44BE-9EBA-D33B78B88596}.Release|Any CPU.Build.0 = Release|Any CPU
		{1478B0C2-F435-44BE-9EBA-D33B78B88596}.Release|ARM.ActiveCfg = Release|ARM
		{1478B0C2-F435-44BE-9EBA-D33B78B88596}.Release|ARM.Build.0 = Release|ARM
		{1478B0C2-F435-44BE-9EBA-D33B78B88596}.Release|Mixed Platforms.ActiveCfg = Release|x86
		{1478B0C2-F435-44BE-9EBA-D33B78B88596}.Release|Mixed Platforms.Build.0 = Release|x86
		{1478B0C2-F435-44BE-9EBA-D33B78B88596}.Release|x64.ActiveCfg = Release|x64
		{1478B0C2-F435-44BE-9EBA-D33B78B88596}.Release|x64.Build.0 = Release|x64
		{1478B0C2-F435-44BE-9EBA-D33B78B88596}.Release|x86.ActiveCfg = Release|x86
		{1478B0C2-F435-44BE-9EBA-D33B78B88596}.Release|x86.Build.0 = Release|x86
		{0326FA0C-8278-43AF-8E76-E690FB9428CD}.Debug|Any CPU.ActiveCfg = Debug|Any CPU
		{0326FA0C-8278-43AF-8E76-E690FB9428CD}.Debug|Any CPU.Build.0 = Debug|Any CPU
		{0326FA0C-8278-43AF-8E76-E690FB9428CD}.Debug|ARM.ActiveCfg = Debug|ARM
		{0326FA0C-8278-43AF-8E76-E690FB9428CD}.Debug|ARM.Build.0 = Debug|ARM
		{0326FA0C-8278-43AF-8E76-E690FB9428CD}.Debug|Mixed Platforms.ActiveCfg = Debug|x86
		{0326FA0C-8278-43AF-8E76-E690FB9428CD}.Debug|Mixed Platforms.Build.0 = Debug|x86
		{0326FA0C-8278-43AF-8E76-E690FB9428CD}.Debug|x64.ActiveCfg = Debug|x64
		{0326FA0C-8278-43AF-8E76-E690FB9428CD}.Debug|x64.Build.0 = Debug|x64
		{0326FA0C-8278-43AF-8E76-E690FB9428CD}.Debug|x86.ActiveCfg = Debug|x86
		{0326FA0C-8278-43AF-8E76-E690FB9428CD}.Debug|x86.Build.0 = Debug|x86
		{0326FA0C-8278-43AF-8E76-E690FB9428CD}.Release|Any CPU.ActiveCfg = Release|Any CPU
		{0326FA0C-8278-43AF-8E76-E690FB9428CD}.Release|Any CPU.Build.0 = Release|Any CPU
		{0326FA0C-8278-43AF-8E76-E690FB9428CD}.Release|ARM.ActiveCfg = Release|ARM
		{0326FA0C-8278-43AF-8E76-E690FB9428CD}.Release|ARM.Build.0 = Release|ARM
		{0326FA0C-8278-43AF-8E76-E690FB9428CD}.Release|Mixed Platforms.ActiveCfg = Release|x86
		{0326FA0C-8278-43AF-8E76-E690FB9428CD}.Release|Mixed Platforms.Build.0 = Release|x86
		{0326FA0C-8278-43AF-8E76-E690FB9428CD}.Release|x64.ActiveCfg = Release|x64
		{0326FA0C-8278-43AF-8E76-E690FB9428CD}.Release|x64.Build.0 = Release|x64
		{0326FA0C-8278-43AF-8E76-E690FB9428CD}.Release|x86.ActiveCfg = Release|x86
		{0326FA0C-8278-43AF-8E76-E690FB9428CD}.Release|x86.Build.0 = Release|x86
		{83410335-C9DE-416F-8AB8-D94CB1933FFC}.Debug|Any CPU.ActiveCfg = Debug|Any CPU
		{83410335-C9DE-416F-8AB8-D94CB1933FFC}.Debug|Any CPU.Build.0 = Debug|Any CPU
		{83410335-C9DE-416F-8AB8-D94CB1933FFC}.Debug|ARM.ActiveCfg = Debug|ARM
		{83410335-C9DE-416F-8AB8-D94CB1933FFC}.Debug|ARM.Build.0 = Debug|ARM
		{83410335-C9DE-416F-8AB8-D94CB1933FFC}.Debug|Mixed Platforms.ActiveCfg = Debug|x86
		{83410335-C9DE-416F-8AB8-D94CB1933FFC}.Debug|Mixed Platforms.Build.0 = Debug|x86
		{83410335-C9DE-416F-8AB8-D94CB1933FFC}.Debug|x64.ActiveCfg = Debug|x64
		{83410335-C9DE-416F-8AB8-D94CB1933FFC}.Debug|x64.Build.0 = Debug|x64
		{83410335-C9DE-416F-8AB8-D94CB1933FFC}.Debug|x86.ActiveCfg = Debug|x86
		{83410335-C9DE-416F-8AB8-D94CB1933FFC}.Debug|x86.Build.0 = Debug|x86
		{83410335-C9DE-416F-8AB8-D94CB1933FFC}.Release|Any CPU.ActiveCfg = Release|Any CPU
		{83410335-C9DE-416F-8AB8-D94CB1933FFC}.Release|Any CPU.Build.0 = Release|Any CPU
		{83410335-C9DE-416F-8AB8-D94CB1933FFC}.Release|ARM.ActiveCfg = Release|ARM
		{83410335-C9DE-416F-8AB8-D94CB1933FFC}.Release|ARM.Build.0 = Release|ARM
		{83410335-C9DE-416F-8AB8-D94CB1933FFC}.Release|Mixed Platforms.ActiveCfg = Release|x86
		{83410335-C9DE-416F-8AB8-D94CB1933FFC}.Release|Mixed Platforms.Build.0 = Release|x86
		{83410335-C9DE-416F-8AB8-D94CB1933FFC}.Release|x64.ActiveCfg = Release|x64
		{83410335-C9DE-416F-8AB8-D94CB1933FFC}.Release|x64.Build.0 = Release|x64
		{83410335-C9DE-416F-8AB8-D94CB1933FFC}.Release|x86.ActiveCfg = Release|x86
		{83410335-C9DE-416F-8AB8-D94CB1933FFC}.Release|x86.Build.0 = Release|x86
		{7A5C997B-0795-43AA-9C21-C65D8A25821C}.Debug|Any CPU.ActiveCfg = Debug|Any CPU
		{7A5C997B-0795-43AA-9C21-C65D8A25821C}.Debug|Any CPU.Build.0 = Debug|Any CPU
		{7A5C997B-0795-43AA-9C21-C65D8A25821C}.Debug|ARM.ActiveCfg = Debug|Any CPU
		{7A5C997B-0795-43AA-9C21-C65D8A25821C}.Debug|Mixed Platforms.ActiveCfg = Debug|Any CPU
		{7A5C997B-0795-43AA-9C21-C65D8A25821C}.Debug|Mixed Platforms.Build.0 = Debug|Any CPU
		{7A5C997B-0795-43AA-9C21-C65D8A25821C}.Debug|x64.ActiveCfg = Debug|Any CPU
		{7A5C997B-0795-43AA-9C21-C65D8A25821C}.Debug|x86.ActiveCfg = Debug|Any CPU
		{7A5C997B-0795-43AA-9C21-C65D8A25821C}.Release|Any CPU.ActiveCfg = Release|Any CPU
		{7A5C997B-0795-43AA-9C21-C65D8A25821C}.Release|Any CPU.Build.0 = Release|Any CPU
		{7A5C997B-0795-43AA-9C21-C65D8A25821C}.Release|ARM.ActiveCfg = Release|Any CPU
		{7A5C997B-0795-43AA-9C21-C65D8A25821C}.Release|Mixed Platforms.ActiveCfg = Release|Any CPU
		{7A5C997B-0795-43AA-9C21-C65D8A25821C}.Release|Mixed Platforms.Build.0 = Release|Any CPU
		{7A5C997B-0795-43AA-9C21-C65D8A25821C}.Release|x64.ActiveCfg = Release|Any CPU
		{7A5C997B-0795-43AA-9C21-C65D8A25821C}.Release|x86.ActiveCfg = Release|Any CPU
		{90F9D8DD-05D5-401F-8939-BD619ADF5CDD}.Debug|Any CPU.ActiveCfg = Debug|Any CPU
		{90F9D8DD-05D5-401F-8939-BD619ADF5CDD}.Debug|Any CPU.Build.0 = Debug|Any CPU
		{90F9D8DD-05D5-401F-8939-BD619ADF5CDD}.Debug|ARM.ActiveCfg = Debug|Any CPU
		{90F9D8DD-05D5-401F-8939-BD619ADF5CDD}.Debug|Mixed Platforms.ActiveCfg = Debug|Any CPU
		{90F9D8DD-05D5-401F-8939-BD619ADF5CDD}.Debug|Mixed Platforms.Build.0 = Debug|Any CPU
		{90F9D8DD-05D5-401F-8939-BD619ADF5CDD}.Debug|x64.ActiveCfg = Debug|Any CPU
		{90F9D8DD-05D5-401F-8939-BD619ADF5CDD}.Debug|x86.ActiveCfg = Debug|Any CPU
		{90F9D8DD-05D5-401F-8939-BD619ADF5CDD}.Release|Any CPU.ActiveCfg = Release|Any CPU
		{90F9D8DD-05D5-401F-8939-BD619ADF5CDD}.Release|Any CPU.Build.0 = Release|Any CPU
		{90F9D8DD-05D5-401F-8939-BD619ADF5CDD}.Release|ARM.ActiveCfg = Release|Any CPU
		{90F9D8DD-05D5-401F-8939-BD619ADF5CDD}.Release|Mixed Platforms.ActiveCfg = Release|Any CPU
		{90F9D8DD-05D5-401F-8939-BD619ADF5CDD}.Release|Mixed Platforms.Build.0 = Release|Any CPU
		{90F9D8DD-05D5-401F-8939-BD619ADF5CDD}.Release|x64.ActiveCfg = Release|Any CPU
		{90F9D8DD-05D5-401F-8939-BD619ADF5CDD}.Release|x86.ActiveCfg = Release|Any CPU
		{9754F9BD-7148-4600-8A98-C39B4073FE4D}.Debug|Any CPU.ActiveCfg = Debug|Any CPU
		{9754F9BD-7148-4600-8A98-C39B4073FE4D}.Debug|Any CPU.Build.0 = Debug|Any CPU
		{9754F9BD-7148-4600-8A98-C39B4073FE4D}.Debug|ARM.ActiveCfg = Debug|ARM
		{9754F9BD-7148-4600-8A98-C39B4073FE4D}.Debug|ARM.Build.0 = Debug|ARM
		{9754F9BD-7148-4600-8A98-C39B4073FE4D}.Debug|Mixed Platforms.ActiveCfg = Debug|x86
		{9754F9BD-7148-4600-8A98-C39B4073FE4D}.Debug|Mixed Platforms.Build.0 = Debug|x86
		{9754F9BD-7148-4600-8A98-C39B4073FE4D}.Debug|x64.ActiveCfg = Debug|x64
		{9754F9BD-7148-4600-8A98-C39B4073FE4D}.Debug|x64.Build.0 = Debug|x64
		{9754F9BD-7148-4600-8A98-C39B4073FE4D}.Debug|x86.ActiveCfg = Debug|x86
		{9754F9BD-7148-4600-8A98-C39B4073FE4D}.Debug|x86.Build.0 = Debug|x86
		{9754F9BD-7148-4600-8A98-C39B4073FE4D}.Release|Any CPU.ActiveCfg = Release|Any CPU
		{9754F9BD-7148-4600-8A98-C39B4073FE4D}.Release|Any CPU.Build.0 = Release|Any CPU
		{9754F9BD-7148-4600-8A98-C39B4073FE4D}.Release|ARM.ActiveCfg = Release|ARM
		{9754F9BD-7148-4600-8A98-C39B4073FE4D}.Release|ARM.Build.0 = Release|ARM
		{9754F9BD-7148-4600-8A98-C39B4073FE4D}.Release|Mixed Platforms.ActiveCfg = Release|x86
		{9754F9BD-7148-4600-8A98-C39B4073FE4D}.Release|Mixed Platforms.Build.0 = Release|x86
		{9754F9BD-7148-4600-8A98-C39B4073FE4D}.Release|x64.ActiveCfg = Release|x64
		{9754F9BD-7148-4600-8A98-C39B4073FE4D}.Release|x64.Build.0 = Release|x64
		{9754F9BD-7148-4600-8A98-C39B4073FE4D}.Release|x86.ActiveCfg = Release|x86
		{9754F9BD-7148-4600-8A98-C39B4073FE4D}.Release|x86.Build.0 = Release|x86
	EndGlobalSection
	GlobalSection(SolutionProperties) = preSolution
		HideSolutionNode = FALSE
	EndGlobalSection
	GlobalSection(NestedProjects) = preSolution
		{45118A71-641D-4A5F-8E92-57B4972B19B5} = {53A1BA5E-DF69-4655-AB7B-3BBF58B426FD}
		{F00801BF-D6B2-4F6C-B808-68BABF177055} = {E9E91BD8-38D8-4A14-8CC2-002292F7C355}
		{A12068E9-19A4-45E4-924B-C9D509C6B950} = {03208FD7-4079-4AE7-8BC9-643C06A89967}
		{AF3E2B33-A604-4A22-BA84-68FF447E266C} = {5BB6E00C-DF4C-46DE-A1AA-D4433FD824BF}
		{6DF4DC1A-0BB9-4586-B427-651BD0BEF709} = {1E2AFC91-8173-47AC-B7D4-799C5BF555F6}
		{E8C06B28-1F1A-4283-B17F-3E648D91C879} = {600F24BC-C549-4154-852C-20426F962E25}
		{2047D77A-D751-4729-860B-B17B4A1E0728} = {600F24BC-C549-4154-852C-20426F962E25}
		{F1034DE9-E00B-4EC6-8F87-45F25B45A67D} = {E8C06B28-1F1A-4283-B17F-3E648D91C879}
		{3E038D2A-CAD9-4D45-AFFF-688EB1BB5AA2} = {E8C06B28-1F1A-4283-B17F-3E648D91C879}
		{8E467186-0805-4652-9319-98F6619492F8} = {E8C06B28-1F1A-4283-B17F-3E648D91C879}
		{685C5EE7-71D4-4D5C-A5FF-0E6A0003780B} = {E8C06B28-1F1A-4283-B17F-3E648D91C879}
		{A6F66019-70E7-4177-9389-554D1E73C437} = {2047D77A-D751-4729-860B-B17B4A1E0728}
		{A6182390-8F74-4DE0-8F37-974D9321FB74} = {2047D77A-D751-4729-860B-B17B4A1E0728}
		{D2F6CC21-5137-4353-B861-1FF505B34CB2} = {2047D77A-D751-4729-860B-B17B4A1E0728}
		{2009029F-A9B8-4A44-AC3D-A05C1E65E1E1} = {2047D77A-D751-4729-860B-B17B4A1E0728}
		{1478B0C2-F435-44BE-9EBA-D33B78B88596} = {2047D77A-D751-4729-860B-B17B4A1E0728}
		{0326FA0C-8278-43AF-8E76-E690FB9428CD} = {2047D77A-D751-4729-860B-B17B4A1E0728}
		{83410335-C9DE-416F-8AB8-D94CB1933FFC} = {2047D77A-D751-4729-860B-B17B4A1E0728}
		{7A5C997B-0795-43AA-9C21-C65D8A25821C} = {E8C06B28-1F1A-4283-B17F-3E648D91C879}
		{90F9D8DD-05D5-401F-8939-BD619ADF5CDD} = {E8C06B28-1F1A-4283-B17F-3E648D91C879}
		{9754F9BD-7148-4600-8A98-C39B4073FE4D} = {2047D77A-D751-4729-860B-B17B4A1E0728}
	EndGlobalSection
	GlobalSection(TestCaseManagementSettings) = postSolution
		CategoryFile = UJCSystem.vsmdi
	EndGlobalSection
	GlobalSection(SubversionScc) = preSolution
		Svn-Managed = True
		Manager = AnkhSVN - Subversion Support for Visual Studio
	EndGlobalSection
EndGlobal
